// !$*UTF8*$!
{
	archiveVersion = 1;
	classes = {
	};
	objectVersion = 46;
	objects = {

/* Begin PBXBuildFile section */
		04108B1A537634AD51D332D0 /* Pods_yxl_ios.framework in Frameworks */ = {isa = PBXBuildFile; fileRef = 3B7F9367702B647B7973BF59 /* Pods_yxl_ios.framework */; };
		041241A81DE81BA30028E618 /* yxl_ios.xcdatamodeld in Sources */ = {isa = PBXBuildFile; fileRef = 041241A61DE81BA30028E618 /* yxl_ios.xcdatamodeld */; };
		041241AA1DE81BA30028E618 /* Assets.xcassets in Resources */ = {isa = PBXBuildFile; fileRef = 041241A91DE81BA30028E618 /* Assets.xcassets */; };
		04626A2E1DFBA78900B4DE7C /* yxl_home_s@2x.png in Resources */ = {isa = PBXBuildFile; fileRef = 04626A261DFBA78900B4DE7C /* yxl_home_s@2x.png */; };
		04626A2F1DFBA78900B4DE7C /* yxl_home@2x.png in Resources */ = {isa = PBXBuildFile; fileRef = 04626A271DFBA78900B4DE7C /* yxl_home@2x.png */; };
		04626A301DFBA78900B4DE7C /* yxl_message_s@2x.png in Resources */ = {isa = PBXBuildFile; fileRef = 04626A281DFBA78900B4DE7C /* yxl_message_s@2x.png */; };
		04626A311DFBA78900B4DE7C /* yxl_message@2x.png in Resources */ = {isa = PBXBuildFile; fileRef = 04626A291DFBA78900B4DE7C /* yxl_message@2x.png */; };
		04626A321DFBA78900B4DE7C /* yxl_mine_s@2x.png in Resources */ = {isa = PBXBuildFile; fileRef = 04626A2A1DFBA78900B4DE7C /* yxl_mine_s@2x.png */; };
		04626A331DFBA78900B4DE7C /* yxl_mine@2x.png in Resources */ = {isa = PBXBuildFile; fileRef = 04626A2B1DFBA78900B4DE7C /* yxl_mine@2x.png */; };
		04626A341DFBA78900B4DE7C /* yxl_shop_s@2x.png in Resources */ = {isa = PBXBuildFile; fileRef = 04626A2C1DFBA78900B4DE7C /* yxl_shop_s@2x.png */; };
		04626A351DFBA78900B4DE7C /* yxl_shop@2x.png in Resources */ = {isa = PBXBuildFile; fileRef = 04626A2D1DFBA78900B4DE7C /* yxl_shop@2x.png */; };
		04D318F01DFE376D006C8016 /* AppDelegate.m in Sources */ = {isa = PBXBuildFile; fileRef = 04D318EF1DFE376D006C8016 /* AppDelegate.m */; };
		04D319341DFE38EC006C8016 /* main.m in Sources */ = {isa = PBXBuildFile; fileRef = 04D319331DFE38EC006C8016 /* main.m */; };
		04D3198D1DFE3EBB006C8016 /* AppDelegate+Category.m in Sources */ = {isa = PBXBuildFile; fileRef = 04D3198C1DFE3EBB006C8016 /* AppDelegate+Category.m */; };
		04D319911DFE3F23006C8016 /* UIColor+Category.m in Sources */ = {isa = PBXBuildFile; fileRef = 04D319901DFE3F23006C8016 /* UIColor+Category.m */; };
		04D319971DFE3FE6006C8016 /* UITabBar+badge.m in Sources */ = {isa = PBXBuildFile; fileRef = 04D319961DFE3FE6006C8016 /* UITabBar+badge.m */; };
		04D3199A1DFE3FEC006C8016 /* HUD.m in Sources */ = {isa = PBXBuildFile; fileRef = 04D319991DFE3FEC006C8016 /* HUD.m */; };
		04D3199D1DFE4024006C8016 /* UIView+Category.m in Sources */ = {isa = PBXBuildFile; fileRef = 04D3199C1DFE4024006C8016 /* UIView+Category.m */; };
		04D319C61DFE4300006C8016 /* ProgessHUD.m in Sources */ = {isa = PBXBuildFile; fileRef = 04D319BB1DFE4300006C8016 /* ProgessHUD.m */; };
		04D319C71DFE4300006C8016 /* SVIndefiniteAnimatedView.m in Sources */ = {isa = PBXBuildFile; fileRef = 04D319BD1DFE4300006C8016 /* SVIndefiniteAnimatedView.m */; };
		04D319C81DFE4300006C8016 /* SVProgressAnimatedView.m in Sources */ = {isa = PBXBuildFile; fileRef = 04D319BF1DFE4300006C8016 /* SVProgressAnimatedView.m */; };
		04D319C91DFE4300006C8016 /* SVProgressHUD.bundle in Resources */ = {isa = PBXBuildFile; fileRef = 04D319C11DFE4300006C8016 /* SVProgressHUD.bundle */; };
		04D319CA1DFE4300006C8016 /* SVProgressHUD.m in Sources */ = {isa = PBXBuildFile; fileRef = 04D319C31DFE4300006C8016 /* SVProgressHUD.m */; };
		04D319CB1DFE4300006C8016 /* SVRadialGradientLayer.m in Sources */ = {isa = PBXBuildFile; fileRef = 04D319C51DFE4300006C8016 /* SVRadialGradientLayer.m */; };
		04D319D11DFE4FCD006C8016 /* YXLNavigationController.m in Sources */ = {isa = PBXBuildFile; fileRef = 04D319D01DFE4FCD006C8016 /* YXLNavigationController.m */; };
		04D319D71DFE509E006C8016 /* YXLAnimationTabBarController.m in Sources */ = {isa = PBXBuildFile; fileRef = 04D319D61DFE509E006C8016 /* YXLAnimationTabBarController.m */; };
		04D319DA1DFE5137006C8016 /* YXLBaseViewController.m in Sources */ = {isa = PBXBuildFile; fileRef = 04D319D91DFE5137006C8016 /* YXLBaseViewController.m */; };
		04D319DD1DFE564F006C8016 /* YXLTabBarController.m in Sources */ = {isa = PBXBuildFile; fileRef = 04D319DC1DFE564F006C8016 /* YXLTabBarController.m */; };
		04D319E01DFE5688006C8016 /* BusinessViewController.m in Sources */ = {isa = PBXBuildFile; fileRef = 04D319DF1DFE5688006C8016 /* BusinessViewController.m */; };
		04D319E31DFE5695006C8016 /* HomeViewController.m in Sources */ = {isa = PBXBuildFile; fileRef = 04D319E21DFE5695006C8016 /* HomeViewController.m */; };
		04D319E61DFE56A6006C8016 /* MessageViewController.m in Sources */ = {isa = PBXBuildFile; fileRef = 04D319E51DFE56A6006C8016 /* MessageViewController.m */; };
		04D319E91DFE56B1006C8016 /* MineViewController.m in Sources */ = {isa = PBXBuildFile; fileRef = 04D319E81DFE56B1006C8016 /* MineViewController.m */; };
		04D319EC1DFE6C37006C8016 /* UIDevice+Category.m in Sources */ = {isa = PBXBuildFile; fileRef = 04D319EB1DFE6C37006C8016 /* UIDevice+Category.m */; };
		04D319F01DFE8946006C8016 /* yxl_nav_bg@2x.png in Resources */ = {isa = PBXBuildFile; fileRef = 04D319EE1DFE8946006C8016 /* yxl_nav_bg@2x.png */; };
		04D319F31DFE897E006C8016 /* yxl_nav_back@2x.png in Resources */ = {isa = PBXBuildFile; fileRef = 04D319F21DFE897E006C8016 /* yxl_nav_back@2x.png */; };
		04D319F61DFE89E2006C8016 /* UIBarButtonItem+Item.m in Sources */ = {isa = PBXBuildFile; fileRef = 04D319F51DFE89E2006C8016 /* UIBarButtonItem+Item.m */; };
		04E911D51DFC023900C84802 /* NSData+ImageContentType.m in Sources */ = {isa = PBXBuildFile; fileRef = 04E911B91DFC023900C84802 /* NSData+ImageContentType.m */; };
		04E911D61DFC023900C84802 /* SDImageCache.m in Sources */ = {isa = PBXBuildFile; fileRef = 04E911BB1DFC023900C84802 /* SDImageCache.m */; };
		04E911D71DFC023900C84802 /* SDWebImageCompat.m in Sources */ = {isa = PBXBuildFile; fileRef = 04E911BD1DFC023900C84802 /* SDWebImageCompat.m */; };
		04E911D81DFC023900C84802 /* SDWebImageDecoder.m in Sources */ = {isa = PBXBuildFile; fileRef = 04E911BF1DFC023900C84802 /* SDWebImageDecoder.m */; };
		04E911D91DFC023900C84802 /* SDWebImageDownloader.m in Sources */ = {isa = PBXBuildFile; fileRef = 04E911C11DFC023900C84802 /* SDWebImageDownloader.m */; };
		04E911DA1DFC023900C84802 /* SDWebImageDownloaderOperation.m in Sources */ = {isa = PBXBuildFile; fileRef = 04E911C31DFC023900C84802 /* SDWebImageDownloaderOperation.m */; };
		04E911DB1DFC023900C84802 /* SDWebImageManager.m in Sources */ = {isa = PBXBuildFile; fileRef = 04E911C51DFC023900C84802 /* SDWebImageManager.m */; };
		04E911DC1DFC023900C84802 /* SDWebImagePrefetcher.m in Sources */ = {isa = PBXBuildFile; fileRef = 04E911C81DFC023900C84802 /* SDWebImagePrefetcher.m */; };
		04E911DD1DFC023900C84802 /* UIButton+WebCache.m in Sources */ = {isa = PBXBuildFile; fileRef = 04E911CA1DFC023900C84802 /* UIButton+WebCache.m */; };
		04E911DE1DFC023900C84802 /* UIImage+GIF.m in Sources */ = {isa = PBXBuildFile; fileRef = 04E911CC1DFC023900C84802 /* UIImage+GIF.m */; };
		04E911DF1DFC023900C84802 /* UIImage+MultiFormat.m in Sources */ = {isa = PBXBuildFile; fileRef = 04E911CE1DFC023900C84802 /* UIImage+MultiFormat.m */; };
		04E911E01DFC023900C84802 /* UIImageView+HighlightedWebCache.m in Sources */ = {isa = PBXBuildFile; fileRef = 04E911D01DFC023900C84802 /* UIImageView+HighlightedWebCache.m */; };
		04E911E11DFC023900C84802 /* UIImageView+WebCache.m in Sources */ = {isa = PBXBuildFile; fileRef = 04E911D21DFC023900C84802 /* UIImageView+WebCache.m */; };
		04E911E21DFC023900C84802 /* UIView+WebCacheOperation.m in Sources */ = {isa = PBXBuildFile; fileRef = 04E911D41DFC023900C84802 /* UIView+WebCacheOperation.m */; };
/* End PBXBuildFile section */

/* Begin PBXFileReference section */
		02C74BB5F1A8D2E1E5338EA7 /* Pods_yxl_iosUITests.framework */ = {isa = PBXFileReference; explicitFileType = wrapper.framework; includeInIndex = 0; path = Pods_yxl_iosUITests.framework; sourceTree = BUILT_PRODUCTS_DIR; };
		0412419C1DE81BA30028E618 /* yxl-ios.app */ = {isa = PBXFileReference; explicitFileType = wrapper.application; includeInIndex = 0; path = "yxl-ios.app"; sourceTree = BUILT_PRODUCTS_DIR; };
		041241A71DE81BA30028E618 /* yxl_ios.xcdatamodel */ = {isa = PBXFileReference; lastKnownFileType = wrapper.xcdatamodel; path = yxl_ios.xcdatamodel; sourceTree = "<group>"; };
		041241A91DE81BA30028E618 /* Assets.xcassets */ = {isa = PBXFileReference; lastKnownFileType = folder.assetcatalog; path = Assets.xcassets; sourceTree = "<group>"; };
		041241AE1DE81BA30028E618 /* Info.plist */ = {isa = PBXFileReference; lastKnownFileType = text.plist.xml; path = Info.plist; sourceTree = "<group>"; };
		04626A261DFBA78900B4DE7C /* yxl_home_s@2x.png */ = {isa = PBXFileReference; lastKnownFileType = image.png; path = "yxl_home_s@2x.png"; sourceTree = "<group>"; };
		04626A271DFBA78900B4DE7C /* yxl_home@2x.png */ = {isa = PBXFileReference; lastKnownFileType = image.png; path = "yxl_home@2x.png"; sourceTree = "<group>"; };
		04626A281DFBA78900B4DE7C /* yxl_message_s@2x.png */ = {isa = PBXFileReference; lastKnownFileType = image.png; path = "yxl_message_s@2x.png"; sourceTree = "<group>"; };
		04626A291DFBA78900B4DE7C /* yxl_message@2x.png */ = {isa = PBXFileReference; lastKnownFileType = image.png; path = "yxl_message@2x.png"; sourceTree = "<group>"; };
		04626A2A1DFBA78900B4DE7C /* yxl_mine_s@2x.png */ = {isa = PBXFileReference; lastKnownFileType = image.png; path = "yxl_mine_s@2x.png"; sourceTree = "<group>"; };
		04626A2B1DFBA78900B4DE7C /* yxl_mine@2x.png */ = {isa = PBXFileReference; lastKnownFileType = image.png; path = "yxl_mine@2x.png"; sourceTree = "<group>"; };
		04626A2C1DFBA78900B4DE7C /* yxl_shop_s@2x.png */ = {isa = PBXFileReference; lastKnownFileType = image.png; path = "yxl_shop_s@2x.png"; sourceTree = "<group>"; };
		04626A2D1DFBA78900B4DE7C /* yxl_shop@2x.png */ = {isa = PBXFileReference; lastKnownFileType = image.png; path = "yxl_shop@2x.png"; sourceTree = "<group>"; };
		04D318EE1DFE376D006C8016 /* AppDelegate.h */ = {isa = PBXFileReference; fileEncoding = 4; lastKnownFileType = sourcecode.c.h; path = AppDelegate.h; sourceTree = "<group>"; };
		04D318EF1DFE376D006C8016 /* AppDelegate.m */ = {isa = PBXFileReference; fileEncoding = 4; lastKnownFileType = sourcecode.c.objc; path = AppDelegate.m; sourceTree = "<group>"; };
		04D319331DFE38EC006C8016 /* main.m */ = {isa = PBXFileReference; fileEncoding = 4; lastKnownFileType = sourcecode.c.objc; path = main.m; sourceTree = "<group>"; };
		04D319881DFE3E3D006C8016 /* Theme.h */ = {isa = PBXFileReference; lastKnownFileType = sourcecode.c.h; path = Theme.h; sourceTree = "<group>"; };
		04D319891DFE3E46006C8016 /* Define.h */ = {isa = PBXFileReference; lastKnownFileType = sourcecode.c.h; path = Define.h; sourceTree = "<group>"; };
		04D3198A1DFE3E6A006C8016 /* Singleton.h */ = {isa = PBXFileReference; fileEncoding = 4; lastKnownFileType = sourcecode.c.h; path = Singleton.h; sourceTree = "<group>"; };
		04D3198B1DFE3EBB006C8016 /* AppDelegate+Category.h */ = {isa = PBXFileReference; fileEncoding = 4; lastKnownFileType = sourcecode.c.h; path = "AppDelegate+Category.h"; sourceTree = "<group>"; };
		04D3198C1DFE3EBB006C8016 /* AppDelegate+Category.m */ = {isa = PBXFileReference; fileEncoding = 4; lastKnownFileType = sourcecode.c.objc; path = "AppDelegate+Category.m"; sourceTree = "<group>"; };
		04D3198F1DFE3F23006C8016 /* UIColor+Category.h */ = {isa = PBXFileReference; fileEncoding = 4; lastKnownFileType = sourcecode.c.h; path = "UIColor+Category.h"; sourceTree = "<group>"; };
		04D319901DFE3F23006C8016 /* UIColor+Category.m */ = {isa = PBXFileReference; fileEncoding = 4; lastKnownFileType = sourcecode.c.objc; path = "UIColor+Category.m"; sourceTree = "<group>"; };
		04D319951DFE3FE6006C8016 /* UITabBar+badge.h */ = {isa = PBXFileReference; fileEncoding = 4; lastKnownFileType = sourcecode.c.h; path = "UITabBar+badge.h"; sourceTree = "<group>"; };
		04D319961DFE3FE6006C8016 /* UITabBar+badge.m */ = {isa = PBXFileReference; fileEncoding = 4; lastKnownFileType = sourcecode.c.objc; path = "UITabBar+badge.m"; sourceTree = "<group>"; };
		04D319981DFE3FEC006C8016 /* HUD.h */ = {isa = PBXFileReference; fileEncoding = 4; lastKnownFileType = sourcecode.c.h; path = HUD.h; sourceTree = "<group>"; };
		04D319991DFE3FEC006C8016 /* HUD.m */ = {isa = PBXFileReference; fileEncoding = 4; lastKnownFileType = sourcecode.c.objc; path = HUD.m; sourceTree = "<group>"; };
		04D3199B1DFE4024006C8016 /* UIView+Category.h */ = {isa = PBXFileReference; fileEncoding = 4; lastKnownFileType = sourcecode.c.h; path = "UIView+Category.h"; sourceTree = "<group>"; };
		04D3199C1DFE4024006C8016 /* UIView+Category.m */ = {isa = PBXFileReference; fileEncoding = 4; lastKnownFileType = sourcecode.c.objc; path = "UIView+Category.m"; sourceTree = "<group>"; };
		04D319BA1DFE4300006C8016 /* ProgessHUD.h */ = {isa = PBXFileReference; fileEncoding = 4; lastKnownFileType = sourcecode.c.h; path = ProgessHUD.h; sourceTree = "<group>"; };
		04D319BB1DFE4300006C8016 /* ProgessHUD.m */ = {isa = PBXFileReference; fileEncoding = 4; lastKnownFileType = sourcecode.c.objc; path = ProgessHUD.m; sourceTree = "<group>"; };
		04D319BC1DFE4300006C8016 /* SVIndefiniteAnimatedView.h */ = {isa = PBXFileReference; fileEncoding = 4; lastKnownFileType = sourcecode.c.h; path = SVIndefiniteAnimatedView.h; sourceTree = "<group>"; };
		04D319BD1DFE4300006C8016 /* SVIndefiniteAnimatedView.m */ = {isa = PBXFileReference; fileEncoding = 4; lastKnownFileType = sourcecode.c.objc; path = SVIndefiniteAnimatedView.m; sourceTree = "<group>"; };
		04D319BE1DFE4300006C8016 /* SVProgressAnimatedView.h */ = {isa = PBXFileReference; fileEncoding = 4; lastKnownFileType = sourcecode.c.h; path = SVProgressAnimatedView.h; sourceTree = "<group>"; };
		04D319BF1DFE4300006C8016 /* SVProgressAnimatedView.m */ = {isa = PBXFileReference; fileEncoding = 4; lastKnownFileType = sourcecode.c.objc; path = SVProgressAnimatedView.m; sourceTree = "<group>"; };
		04D319C01DFE4300006C8016 /* SVProgressHUD-Prefix.pch */ = {isa = PBXFileReference; fileEncoding = 4; lastKnownFileType = sourcecode.c.h; path = "SVProgressHUD-Prefix.pch"; sourceTree = "<group>"; };
		04D319C11DFE4300006C8016 /* SVProgressHUD.bundle */ = {isa = PBXFileReference; lastKnownFileType = "wrapper.plug-in"; path = SVProgressHUD.bundle; sourceTree = "<group>"; };
		04D319C21DFE4300006C8016 /* SVProgressHUD.h */ = {isa = PBXFileReference; fileEncoding = 4; lastKnownFileType = sourcecode.c.h; path = SVProgressHUD.h; sourceTree = "<group>"; };
		04D319C31DFE4300006C8016 /* SVProgressHUD.m */ = {isa = PBXFileReference; fileEncoding = 4; lastKnownFileType = sourcecode.c.objc; path = SVProgressHUD.m; sourceTree = "<group>"; };
		04D319C41DFE4300006C8016 /* SVRadialGradientLayer.h */ = {isa = PBXFileReference; fileEncoding = 4; lastKnownFileType = sourcecode.c.h; path = SVRadialGradientLayer.h; sourceTree = "<group>"; };
		04D319C51DFE4300006C8016 /* SVRadialGradientLayer.m */ = {isa = PBXFileReference; fileEncoding = 4; lastKnownFileType = sourcecode.c.objc; path = SVRadialGradientLayer.m; sourceTree = "<group>"; };
		04D319CF1DFE4FCD006C8016 /* YXLNavigationController.h */ = {isa = PBXFileReference; fileEncoding = 4; lastKnownFileType = sourcecode.c.h; path = YXLNavigationController.h; sourceTree = "<group>"; };
		04D319D01DFE4FCD006C8016 /* YXLNavigationController.m */ = {isa = PBXFileReference; fileEncoding = 4; lastKnownFileType = sourcecode.c.objc; path = YXLNavigationController.m; sourceTree = "<group>"; };
		04D319D51DFE509E006C8016 /* YXLAnimationTabBarController.h */ = {isa = PBXFileReference; fileEncoding = 4; lastKnownFileType = sourcecode.c.h; path = YXLAnimationTabBarController.h; sourceTree = "<group>"; };
		04D319D61DFE509E006C8016 /* YXLAnimationTabBarController.m */ = {isa = PBXFileReference; fileEncoding = 4; lastKnownFileType = sourcecode.c.objc; path = YXLAnimationTabBarController.m; sourceTree = "<group>"; };
		04D319D81DFE5137006C8016 /* YXLBaseViewController.h */ = {isa = PBXFileReference; fileEncoding = 4; lastKnownFileType = sourcecode.c.h; path = YXLBaseViewController.h; sourceTree = "<group>"; };
		04D319D91DFE5137006C8016 /* YXLBaseViewController.m */ = {isa = PBXFileReference; fileEncoding = 4; lastKnownFileType = sourcecode.c.objc; path = YXLBaseViewController.m; sourceTree = "<group>"; };
		04D319DB1DFE564F006C8016 /* YXLTabBarController.h */ = {isa = PBXFileReference; fileEncoding = 4; lastKnownFileType = sourcecode.c.h; path = YXLTabBarController.h; sourceTree = "<group>"; };
		04D319DC1DFE564F006C8016 /* YXLTabBarController.m */ = {isa = PBXFileReference; fileEncoding = 4; lastKnownFileType = sourcecode.c.objc; path = YXLTabBarController.m; sourceTree = "<group>"; };
		04D319DE1DFE5688006C8016 /* BusinessViewController.h */ = {isa = PBXFileReference; fileEncoding = 4; lastKnownFileType = sourcecode.c.h; name = BusinessViewController.h; path = "yxl-ios/Class/YXLBase/Common/BusinessViewController.h"; sourceTree = SOURCE_ROOT; };
		04D319DF1DFE5688006C8016 /* BusinessViewController.m */ = {isa = PBXFileReference; fileEncoding = 4; lastKnownFileType = sourcecode.c.objc; name = BusinessViewController.m; path = "yxl-ios/Class/YXLBase/Common/BusinessViewController.m"; sourceTree = SOURCE_ROOT; };
		04D319E11DFE5695006C8016 /* HomeViewController.h */ = {isa = PBXFileReference; fileEncoding = 4; lastKnownFileType = sourcecode.c.h; name = HomeViewController.h; path = "yxl-ios/Class/YXLBase/Common/HomeViewController.h"; sourceTree = SOURCE_ROOT; };
		04D319E21DFE5695006C8016 /* HomeViewController.m */ = {isa = PBXFileReference; fileEncoding = 4; lastKnownFileType = sourcecode.c.objc; name = HomeViewController.m; path = "yxl-ios/Class/YXLBase/Common/HomeViewController.m"; sourceTree = SOURCE_ROOT; };
		04D319E41DFE56A6006C8016 /* MessageViewController.h */ = {isa = PBXFileReference; fileEncoding = 4; lastKnownFileType = sourcecode.c.h; name = MessageViewController.h; path = "yxl-ios/Class/YXLBase/Common/MessageViewController.h"; sourceTree = SOURCE_ROOT; };
		04D319E51DFE56A6006C8016 /* MessageViewController.m */ = {isa = PBXFileReference; fileEncoding = 4; lastKnownFileType = sourcecode.c.objc; name = MessageViewController.m; path = "yxl-ios/Class/YXLBase/Common/MessageViewController.m"; sourceTree = SOURCE_ROOT; };
		04D319E71DFE56B1006C8016 /* MineViewController.h */ = {isa = PBXFileReference; fileEncoding = 4; lastKnownFileType = sourcecode.c.h; name = MineViewController.h; path = "yxl-ios/Class/YXLBase/Common/MineViewController.h"; sourceTree = SOURCE_ROOT; };
		04D319E81DFE56B1006C8016 /* MineViewController.m */ = {isa = PBXFileReference; fileEncoding = 4; lastKnownFileType = sourcecode.c.objc; name = MineViewController.m; path = "yxl-ios/Class/YXLBase/Common/MineViewController.m"; sourceTree = SOURCE_ROOT; };
		04D319EA1DFE6C37006C8016 /* UIDevice+Category.h */ = {isa = PBXFileReference; fileEncoding = 4; lastKnownFileType = sourcecode.c.h; path = "UIDevice+Category.h"; sourceTree = "<group>"; };
		04D319EB1DFE6C37006C8016 /* UIDevice+Category.m */ = {isa = PBXFileReference; fileEncoding = 4; lastKnownFileType = sourcecode.c.objc; path = "UIDevice+Category.m"; sourceTree = "<group>"; };
		04D319ED1DFE77AF006C8016 /* PrefixHeader.pch */ = {isa = PBXFileReference; fileEncoding = 4; lastKnownFileType = sourcecode.c.h; name = PrefixHeader.pch; path = ../../../PrefixHeader.pch; sourceTree = "<group>"; };
		04D319EE1DFE8946006C8016 /* yxl_nav_bg@2x.png */ = {isa = PBXFileReference; lastKnownFileType = image.png; path = "yxl_nav_bg@2x.png"; sourceTree = "<group>"; };
		04D319F21DFE897E006C8016 /* yxl_nav_back@2x.png */ = {isa = PBXFileReference; lastKnownFileType = image.png; path = "yxl_nav_back@2x.png"; sourceTree = "<group>"; };
		04D319F41DFE89E2006C8016 /* UIBarButtonItem+Item.h */ = {isa = PBXFileReference; fileEncoding = 4; lastKnownFileType = sourcecode.c.h; path = "UIBarButtonItem+Item.h"; sourceTree = "<group>"; };
		04D319F51DFE89E2006C8016 /* UIBarButtonItem+Item.m */ = {isa = PBXFileReference; fileEncoding = 4; lastKnownFileType = sourcecode.c.objc; path = "UIBarButtonItem+Item.m"; sourceTree = "<group>"; };
		04E911B81DFC023900C84802 /* NSData+ImageContentType.h */ = {isa = PBXFileReference; fileEncoding = 4; lastKnownFileType = sourcecode.c.h; path = "NSData+ImageContentType.h"; sourceTree = "<group>"; };
		04E911B91DFC023900C84802 /* NSData+ImageContentType.m */ = {isa = PBXFileReference; fileEncoding = 4; lastKnownFileType = sourcecode.c.objc; path = "NSData+ImageContentType.m"; sourceTree = "<group>"; };
		04E911BA1DFC023900C84802 /* SDImageCache.h */ = {isa = PBXFileReference; fileEncoding = 4; lastKnownFileType = sourcecode.c.h; path = SDImageCache.h; sourceTree = "<group>"; };
		04E911BB1DFC023900C84802 /* SDImageCache.m */ = {isa = PBXFileReference; fileEncoding = 4; lastKnownFileType = sourcecode.c.objc; path = SDImageCache.m; sourceTree = "<group>"; };
		04E911BC1DFC023900C84802 /* SDWebImageCompat.h */ = {isa = PBXFileReference; fileEncoding = 4; lastKnownFileType = sourcecode.c.h; path = SDWebImageCompat.h; sourceTree = "<group>"; };
		04E911BD1DFC023900C84802 /* SDWebImageCompat.m */ = {isa = PBXFileReference; fileEncoding = 4; lastKnownFileType = sourcecode.c.objc; path = SDWebImageCompat.m; sourceTree = "<group>"; };
		04E911BE1DFC023900C84802 /* SDWebImageDecoder.h */ = {isa = PBXFileReference; fileEncoding = 4; lastKnownFileType = sourcecode.c.h; path = SDWebImageDecoder.h; sourceTree = "<group>"; };
		04E911BF1DFC023900C84802 /* SDWebImageDecoder.m */ = {isa = PBXFileReference; fileEncoding = 4; lastKnownFileType = sourcecode.c.objc; path = SDWebImageDecoder.m; sourceTree = "<group>"; };
		04E911C01DFC023900C84802 /* SDWebImageDownloader.h */ = {isa = PBXFileReference; fileEncoding = 4; lastKnownFileType = sourcecode.c.h; path = SDWebImageDownloader.h; sourceTree = "<group>"; };
		04E911C11DFC023900C84802 /* SDWebImageDownloader.m */ = {isa = PBXFileReference; fileEncoding = 4; lastKnownFileType = sourcecode.c.objc; path = SDWebImageDownloader.m; sourceTree = "<group>"; };
		04E911C21DFC023900C84802 /* SDWebImageDownloaderOperation.h */ = {isa = PBXFileReference; fileEncoding = 4; lastKnownFileType = sourcecode.c.h; path = SDWebImageDownloaderOperation.h; sourceTree = "<group>"; };
		04E911C31DFC023900C84802 /* SDWebImageDownloaderOperation.m */ = {isa = PBXFileReference; fileEncoding = 4; lastKnownFileType = sourcecode.c.objc; path = SDWebImageDownloaderOperation.m; sourceTree = "<group>"; };
		04E911C41DFC023900C84802 /* SDWebImageManager.h */ = {isa = PBXFileReference; fileEncoding = 4; lastKnownFileType = sourcecode.c.h; path = SDWebImageManager.h; sourceTree = "<group>"; };
		04E911C51DFC023900C84802 /* SDWebImageManager.m */ = {isa = PBXFileReference; fileEncoding = 4; lastKnownFileType = sourcecode.c.objc; path = SDWebImageManager.m; sourceTree = "<group>"; };
		04E911C61DFC023900C84802 /* SDWebImageOperation.h */ = {isa = PBXFileReference; fileEncoding = 4; lastKnownFileType = sourcecode.c.h; path = SDWebImageOperation.h; sourceTree = "<group>"; };
		04E911C71DFC023900C84802 /* SDWebImagePrefetcher.h */ = {isa = PBXFileReference; fileEncoding = 4; lastKnownFileType = sourcecode.c.h; path = SDWebImagePrefetcher.h; sourceTree = "<group>"; };
		04E911C81DFC023900C84802 /* SDWebImagePrefetcher.m */ = {isa = PBXFileReference; fileEncoding = 4; lastKnownFileType = sourcecode.c.objc; path = SDWebImagePrefetcher.m; sourceTree = "<group>"; };
		04E911C91DFC023900C84802 /* UIButton+WebCache.h */ = {isa = PBXFileReference; fileEncoding = 4; lastKnownFileType = sourcecode.c.h; path = "UIButton+WebCache.h"; sourceTree = "<group>"; };
		04E911CA1DFC023900C84802 /* UIButton+WebCache.m */ = {isa = PBXFileReference; fileEncoding = 4; lastKnownFileType = sourcecode.c.objc; path = "UIButton+WebCache.m"; sourceTree = "<group>"; };
		04E911CB1DFC023900C84802 /* UIImage+GIF.h */ = {isa = PBXFileReference; fileEncoding = 4; lastKnownFileType = sourcecode.c.h; path = "UIImage+GIF.h"; sourceTree = "<group>"; };
		04E911CC1DFC023900C84802 /* UIImage+GIF.m */ = {isa = PBXFileReference; fileEncoding = 4; lastKnownFileType = sourcecode.c.objc; path = "UIImage+GIF.m"; sourceTree = "<group>"; };
		04E911CD1DFC023900C84802 /* UIImage+MultiFormat.h */ = {isa = PBXFileReference; fileEncoding = 4; lastKnownFileType = sourcecode.c.h; path = "UIImage+MultiFormat.h"; sourceTree = "<group>"; };
		04E911CE1DFC023900C84802 /* UIImage+MultiFormat.m */ = {isa = PBXFileReference; fileEncoding = 4; lastKnownFileType = sourcecode.c.objc; path = "UIImage+MultiFormat.m"; sourceTree = "<group>"; };
		04E911CF1DFC023900C84802 /* UIImageView+HighlightedWebCache.h */ = {isa = PBXFileReference; fileEncoding = 4; lastKnownFileType = sourcecode.c.h; path = "UIImageView+HighlightedWebCache.h"; sourceTree = "<group>"; };
		04E911D01DFC023900C84802 /* UIImageView+HighlightedWebCache.m */ = {isa = PBXFileReference; fileEncoding = 4; lastKnownFileType = sourcecode.c.objc; path = "UIImageView+HighlightedWebCache.m"; sourceTree = "<group>"; };
		04E911D11DFC023900C84802 /* UIImageView+WebCache.h */ = {isa = PBXFileReference; fileEncoding = 4; lastKnownFileType = sourcecode.c.h; path = "UIImageView+WebCache.h"; sourceTree = "<group>"; };
		04E911D21DFC023900C84802 /* UIImageView+WebCache.m */ = {isa = PBXFileReference; fileEncoding = 4; lastKnownFileType = sourcecode.c.objc; path = "UIImageView+WebCache.m"; sourceTree = "<group>"; };
		04E911D31DFC023900C84802 /* UIView+WebCacheOperation.h */ = {isa = PBXFileReference; fileEncoding = 4; lastKnownFileType = sourcecode.c.h; path = "UIView+WebCacheOperation.h"; sourceTree = "<group>"; };
		04E911D41DFC023900C84802 /* UIView+WebCacheOperation.m */ = {isa = PBXFileReference; fileEncoding = 4; lastKnownFileType = sourcecode.c.objc; path = "UIView+WebCacheOperation.m"; sourceTree = "<group>"; };
		3B7F9367702B647B7973BF59 /* Pods_yxl_ios.framework */ = {isa = PBXFileReference; explicitFileType = wrapper.framework; includeInIndex = 0; path = Pods_yxl_ios.framework; sourceTree = BUILT_PRODUCTS_DIR; };
		59BFD627CC917C916AA13AAC /* Pods-yxl-ios.debug.xcconfig */ = {isa = PBXFileReference; includeInIndex = 1; lastKnownFileType = text.xcconfig; name = "Pods-yxl-ios.debug.xcconfig"; path = "Pods/Target Support Files/Pods-yxl-ios/Pods-yxl-ios.debug.xcconfig"; sourceTree = "<group>"; };
		63225FD24D572E7B9882A15D /* Pods-yxl-ios.release.xcconfig */ = {isa = PBXFileReference; includeInIndex = 1; lastKnownFileType = text.xcconfig; name = "Pods-yxl-ios.release.xcconfig"; path = "Pods/Target Support Files/Pods-yxl-ios/Pods-yxl-ios.release.xcconfig"; sourceTree = "<group>"; };
		AA70F8AC591D63580217C364 /* Pods-yxl-iosTests.debug.xcconfig */ = {isa = PBXFileReference; includeInIndex = 1; lastKnownFileType = text.xcconfig; name = "Pods-yxl-iosTests.debug.xcconfig"; path = "Pods/Target Support Files/Pods-yxl-iosTests/Pods-yxl-iosTests.debug.xcconfig"; sourceTree = "<group>"; };
		B5A54A766749EB6A31918A35 /* Pods_yxl_iosTests.framework */ = {isa = PBXFileReference; explicitFileType = wrapper.framework; includeInIndex = 0; path = Pods_yxl_iosTests.framework; sourceTree = BUILT_PRODUCTS_DIR; };
		C04F36A9F9077E68A0FBC8C7 /* Pods-yxl-iosUITests.release.xcconfig */ = {isa = PBXFileReference; includeInIndex = 1; lastKnownFileType = text.xcconfig; name = "Pods-yxl-iosUITests.release.xcconfig"; path = "Pods/Target Support Files/Pods-yxl-iosUITests/Pods-yxl-iosUITests.release.xcconfig"; sourceTree = "<group>"; };
		D43156601C9F16E7185F0151 /* Pods-yxl-iosUITests.debug.xcconfig */ = {isa = PBXFileReference; includeInIndex = 1; lastKnownFileType = text.xcconfig; name = "Pods-yxl-iosUITests.debug.xcconfig"; path = "Pods/Target Support Files/Pods-yxl-iosUITests/Pods-yxl-iosUITests.debug.xcconfig"; sourceTree = "<group>"; };
		FCF8FE3F3AD418A4883E487A /* Pods-yxl-iosTests.release.xcconfig */ = {isa = PBXFileReference; includeInIndex = 1; lastKnownFileType = text.xcconfig; name = "Pods-yxl-iosTests.release.xcconfig"; path = "Pods/Target Support Files/Pods-yxl-iosTests/Pods-yxl-iosTests.release.xcconfig"; sourceTree = "<group>"; };
/* End PBXFileReference section */

/* Begin PBXFrameworksBuildPhase section */
		041241991DE81BA30028E618 /* Frameworks */ = {
			isa = PBXFrameworksBuildPhase;
			buildActionMask = 2147483647;
			files = (
				04108B1A537634AD51D332D0 /* Pods_yxl_ios.framework in Frameworks */,
			);
			runOnlyForDeploymentPostprocessing = 0;
		};
/* End PBXFrameworksBuildPhase section */

/* Begin PBXGroup section */
		041241931DE81BA30028E618 = {
			isa = PBXGroup;
			children = (
				0412419E1DE81BA30028E618 /* yxl-ios */,
				0412419D1DE81BA30028E618 /* Products */,
				0463D5DE1DE932C7003EA7C3 /* Supporting Files */,
				678FF30335021FFEFF857288 /* Pods */,
				1C4674FE3D3A4D160799EC27 /* Frameworks */,
			);
			sourceTree = "<group>";
		};
		0412419D1DE81BA30028E618 /* Products */ = {
			isa = PBXGroup;
			children = (
				0412419C1DE81BA30028E618 /* yxl-ios.app */,
			);
			name = Products;
			sourceTree = "<group>";
		};
		0412419E1DE81BA30028E618 /* yxl-ios */ = {
			isa = PBXGroup;
			children = (
				04D318EE1DFE376D006C8016 /* AppDelegate.h */,
				04D318EF1DFE376D006C8016 /* AppDelegate.m */,
				046269FF1DFB93DA00B4DE7C /* Class */,
			);
			path = "yxl-ios";
			sourceTree = "<group>";
		};
		046269FF1DFB93DA00B4DE7C /* Class */ = {
			isa = PBXGroup;
			children = (
				04626A181DFB97C400B4DE7C /* Vender */,
				04626A001DFB93DA00B4DE7C /* Resource */,
				04626A011DFB93DA00B4DE7C /* Tools */,
				04626A041DFB93DA00B4DE7C /* YXLBase */,
				04626A081DFB93DA00B4DE7C /* YXLMain */,
			);
			path = Class;
			sourceTree = "<group>";
		};
		04626A001DFB93DA00B4DE7C /* Resource */ = {
			isa = PBXGroup;
			children = (
				04D319EE1DFE8946006C8016 /* yxl_nav_bg@2x.png */,
				04D319F21DFE897E006C8016 /* yxl_nav_back@2x.png */,
				04626A261DFBA78900B4DE7C /* yxl_home_s@2x.png */,
				04626A271DFBA78900B4DE7C /* yxl_home@2x.png */,
				04626A281DFBA78900B4DE7C /* yxl_message_s@2x.png */,
				04626A291DFBA78900B4DE7C /* yxl_message@2x.png */,
				04626A2A1DFBA78900B4DE7C /* yxl_mine_s@2x.png */,
				04626A2B1DFBA78900B4DE7C /* yxl_mine@2x.png */,
				04626A2C1DFBA78900B4DE7C /* yxl_shop_s@2x.png */,
				04626A2D1DFBA78900B4DE7C /* yxl_shop@2x.png */,
			);
			path = Resource;
			sourceTree = "<group>";
		};
		04626A011DFB93DA00B4DE7C /* Tools */ = {
			isa = PBXGroup;
			children = (
				04626A191DFB986900B4DE7C /* Global */,
				04626A021DFB93DA00B4DE7C /* Network */,
			);
			path = Tools;
			sourceTree = "<group>";
		};
		04626A021DFB93DA00B4DE7C /* Network */ = {
			isa = PBXGroup;
			children = (
			);
			path = Network;
			sourceTree = "<group>";
		};
		04626A041DFB93DA00B4DE7C /* YXLBase */ = {
			isa = PBXGroup;
			children = (
				04626A051DFB93DA00B4DE7C /* Category */,
				04626A061DFB93DA00B4DE7C /* Common */,
			);
			path = YXLBase;
			sourceTree = "<group>";
		};
		04626A051DFB93DA00B4DE7C /* Category */ = {
			isa = PBXGroup;
			children = (
				04D3198B1DFE3EBB006C8016 /* AppDelegate+Category.h */,
				04D3198C1DFE3EBB006C8016 /* AppDelegate+Category.m */,
				04D3198F1DFE3F23006C8016 /* UIColor+Category.h */,
				04D319901DFE3F23006C8016 /* UIColor+Category.m */,
				04D319951DFE3FE6006C8016 /* UITabBar+badge.h */,
				04D319961DFE3FE6006C8016 /* UITabBar+badge.m */,
				04D3199B1DFE4024006C8016 /* UIView+Category.h */,
				04D3199C1DFE4024006C8016 /* UIView+Category.m */,
				04D319EA1DFE6C37006C8016 /* UIDevice+Category.h */,
				04D319EB1DFE6C37006C8016 /* UIDevice+Category.m */,
				04D319F41DFE89E2006C8016 /* UIBarButtonItem+Item.h */,
				04D319F51DFE89E2006C8016 /* UIBarButtonItem+Item.m */,
				04D319981DFE3FEC006C8016 /* HUD.h */,
				04D319991DFE3FEC006C8016 /* HUD.m */,
			);
			path = Category;
			sourceTree = "<group>";
		};
		04626A061DFB93DA00B4DE7C /* Common */ = {
			isa = PBXGroup;
			children = (
				04D319CF1DFE4FCD006C8016 /* YXLNavigationController.h */,
				04D319D01DFE4FCD006C8016 /* YXLNavigationController.m */,
				04D319D81DFE5137006C8016 /* YXLBaseViewController.h */,
				04D319D91DFE5137006C8016 /* YXLBaseViewController.m */,
				04D319D51DFE509E006C8016 /* YXLAnimationTabBarController.h */,
				04D319D61DFE509E006C8016 /* YXLAnimationTabBarController.m */,
				04D319DB1DFE564F006C8016 /* YXLTabBarController.h */,
				04D319DC1DFE564F006C8016 /* YXLTabBarController.m */,
			);
			path = Common;
			sourceTree = "<group>";
		};
		04626A081DFB93DA00B4DE7C /* YXLMain */ = {
			isa = PBXGroup;
			children = (
				04626A3E1DFBB47F00B4DE7C /* Business */,
				04626A091DFB93DA00B4DE7C /* Home */,
				04626A0C1DFB93DA00B4DE7C /* Message */,
				04626A0F1DFB93DA00B4DE7C /* Mine */,
				04626A121DFB93DA00B4DE7C /* Other */,
			);
			path = YXLMain;
			sourceTree = "<group>";
		};
		04626A091DFB93DA00B4DE7C /* Home */ = {
			isa = PBXGroup;
			children = (
				04626A0A1DFB93DA00B4DE7C /* Model */,
				04626A0B1DFB93DA00B4DE7C /* View */,
				04D319E11DFE5695006C8016 /* HomeViewController.h */,
				04D319E21DFE5695006C8016 /* HomeViewController.m */,
			);
			path = Home;
			sourceTree = "<group>";
		};
		04626A0A1DFB93DA00B4DE7C /* Model */ = {
			isa = PBXGroup;
			children = (
			);
			path = Model;
			sourceTree = "<group>";
		};
		04626A0B1DFB93DA00B4DE7C /* View */ = {
			isa = PBXGroup;
			children = (
			);
			path = View;
			sourceTree = "<group>";
		};
		04626A0C1DFB93DA00B4DE7C /* Message */ = {
			isa = PBXGroup;
			children = (
				04626A0D1DFB93DA00B4DE7C /* Model */,
				04626A0E1DFB93DA00B4DE7C /* View */,
				04D319E41DFE56A6006C8016 /* MessageViewController.h */,
				04D319E51DFE56A6006C8016 /* MessageViewController.m */,
			);
			path = Message;
			sourceTree = "<group>";
		};
		04626A0D1DFB93DA00B4DE7C /* Model */ = {
			isa = PBXGroup;
			children = (
			);
			path = Model;
			sourceTree = "<group>";
		};
		04626A0E1DFB93DA00B4DE7C /* View */ = {
			isa = PBXGroup;
			children = (
			);
			path = View;
			sourceTree = "<group>";
		};
		04626A0F1DFB93DA00B4DE7C /* Mine */ = {
			isa = PBXGroup;
			children = (
				04626A101DFB93DA00B4DE7C /* Model */,
				04626A111DFB93DA00B4DE7C /* View */,
				04D319E71DFE56B1006C8016 /* MineViewController.h */,
				04D319E81DFE56B1006C8016 /* MineViewController.m */,
			);
			path = Mine;
			sourceTree = "<group>";
		};
		04626A101DFB93DA00B4DE7C /* Model */ = {
			isa = PBXGroup;
			children = (
			);
			path = Model;
			sourceTree = "<group>";
		};
		04626A111DFB93DA00B4DE7C /* View */ = {
			isa = PBXGroup;
			children = (
			);
			path = View;
			sourceTree = "<group>";
		};
		04626A121DFB93DA00B4DE7C /* Other */ = {
			isa = PBXGroup;
			children = (
			);
			path = Other;
			sourceTree = "<group>";
		};
		04626A181DFB97C400B4DE7C /* Vender */ = {
			isa = PBXGroup;
			children = (
				04D319B91DFE4300006C8016 /* SVProgressHUD */,
				04E911B71DFC023900C84802 /* SDWebImage */,
			);
			path = Vender;
			sourceTree = "<group>";
		};
		04626A191DFB986900B4DE7C /* Global */ = {
			isa = PBXGroup;
			children = (
				04D319ED1DFE77AF006C8016 /* PrefixHeader.pch */,
				04D319881DFE3E3D006C8016 /* Theme.h */,
				04D319891DFE3E46006C8016 /* Define.h */,
				04D3198A1DFE3E6A006C8016 /* Singleton.h */,
			);
			path = Global;
			sourceTree = "<group>";
		};
		04626A3E1DFBB47F00B4DE7C /* Business */ = {
			isa = PBXGroup;
			children = (
				04626A3F1DFBB47F00B4DE7C /* Model */,
				04626A401DFBB47F00B4DE7C /* View */,
				04D319DE1DFE5688006C8016 /* BusinessViewController.h */,
				04D319DF1DFE5688006C8016 /* BusinessViewController.m */,
			);
			path = Business;
			sourceTree = "<group>";
		};
		04626A3F1DFBB47F00B4DE7C /* Model */ = {
			isa = PBXGroup;
			children = (
			);
			path = Model;
			sourceTree = "<group>";
		};
		04626A401DFBB47F00B4DE7C /* View */ = {
			isa = PBXGroup;
			children = (
			);
			path = View;
			sourceTree = "<group>";
		};
		0463D5DE1DE932C7003EA7C3 /* Supporting Files */ = {
			isa = PBXGroup;
			children = (
				04D319331DFE38EC006C8016 /* main.m */,
				041241A91DE81BA30028E618 /* Assets.xcassets */,
				041241AE1DE81BA30028E618 /* Info.plist */,
				041241A61DE81BA30028E618 /* yxl_ios.xcdatamodeld */,
			);
			name = "Supporting Files";
			path = "yxl-ios";
			sourceTree = "<group>";
		};
		04D319B91DFE4300006C8016 /* SVProgressHUD */ = {
			isa = PBXGroup;
			children = (
				04D319BA1DFE4300006C8016 /* ProgessHUD.h */,
				04D319BB1DFE4300006C8016 /* ProgessHUD.m */,
				04D319BC1DFE4300006C8016 /* SVIndefiniteAnimatedView.h */,
				04D319BD1DFE4300006C8016 /* SVIndefiniteAnimatedView.m */,
				04D319BE1DFE4300006C8016 /* SVProgressAnimatedView.h */,
				04D319BF1DFE4300006C8016 /* SVProgressAnimatedView.m */,
				04D319C01DFE4300006C8016 /* SVProgressHUD-Prefix.pch */,
				04D319C11DFE4300006C8016 /* SVProgressHUD.bundle */,
				04D319C21DFE4300006C8016 /* SVProgressHUD.h */,
				04D319C31DFE4300006C8016 /* SVProgressHUD.m */,
				04D319C41DFE4300006C8016 /* SVRadialGradientLayer.h */,
				04D319C51DFE4300006C8016 /* SVRadialGradientLayer.m */,
			);
			path = SVProgressHUD;
			sourceTree = "<group>";
		};
		04E911B71DFC023900C84802 /* SDWebImage */ = {
			isa = PBXGroup;
			children = (
				04E911B81DFC023900C84802 /* NSData+ImageContentType.h */,
				04E911B91DFC023900C84802 /* NSData+ImageContentType.m */,
				04E911BA1DFC023900C84802 /* SDImageCache.h */,
				04E911BB1DFC023900C84802 /* SDImageCache.m */,
				04E911BC1DFC023900C84802 /* SDWebImageCompat.h */,
				04E911BD1DFC023900C84802 /* SDWebImageCompat.m */,
				04E911BE1DFC023900C84802 /* SDWebImageDecoder.h */,
				04E911BF1DFC023900C84802 /* SDWebImageDecoder.m */,
				04E911C01DFC023900C84802 /* SDWebImageDownloader.h */,
				04E911C11DFC023900C84802 /* SDWebImageDownloader.m */,
				04E911C21DFC023900C84802 /* SDWebImageDownloaderOperation.h */,
				04E911C31DFC023900C84802 /* SDWebImageDownloaderOperation.m */,
				04E911C41DFC023900C84802 /* SDWebImageManager.h */,
				04E911C51DFC023900C84802 /* SDWebImageManager.m */,
				04E911C61DFC023900C84802 /* SDWebImageOperation.h */,
				04E911C71DFC023900C84802 /* SDWebImagePrefetcher.h */,
				04E911C81DFC023900C84802 /* SDWebImagePrefetcher.m */,
				04E911C91DFC023900C84802 /* UIButton+WebCache.h */,
				04E911CA1DFC023900C84802 /* UIButton+WebCache.m */,
				04E911CB1DFC023900C84802 /* UIImage+GIF.h */,
				04E911CC1DFC023900C84802 /* UIImage+GIF.m */,
				04E911CD1DFC023900C84802 /* UIImage+MultiFormat.h */,
				04E911CE1DFC023900C84802 /* UIImage+MultiFormat.m */,
				04E911CF1DFC023900C84802 /* UIImageView+HighlightedWebCache.h */,
				04E911D01DFC023900C84802 /* UIImageView+HighlightedWebCache.m */,
				04E911D11DFC023900C84802 /* UIImageView+WebCache.h */,
				04E911D21DFC023900C84802 /* UIImageView+WebCache.m */,
				04E911D31DFC023900C84802 /* UIView+WebCacheOperation.h */,
				04E911D41DFC023900C84802 /* UIView+WebCacheOperation.m */,
			);
			path = SDWebImage;
			sourceTree = "<group>";
		};
		1C4674FE3D3A4D160799EC27 /* Frameworks */ = {
			isa = PBXGroup;
			children = (
				3B7F9367702B647B7973BF59 /* Pods_yxl_ios.framework */,
				B5A54A766749EB6A31918A35 /* Pods_yxl_iosTests.framework */,
				02C74BB5F1A8D2E1E5338EA7 /* Pods_yxl_iosUITests.framework */,
			);
			name = Frameworks;
			sourceTree = "<group>";
		};
		678FF30335021FFEFF857288 /* Pods */ = {
			isa = PBXGroup;
			children = (
				59BFD627CC917C916AA13AAC /* Pods-yxl-ios.debug.xcconfig */,
				63225FD24D572E7B9882A15D /* Pods-yxl-ios.release.xcconfig */,
				AA70F8AC591D63580217C364 /* Pods-yxl-iosTests.debug.xcconfig */,
				FCF8FE3F3AD418A4883E487A /* Pods-yxl-iosTests.release.xcconfig */,
				D43156601C9F16E7185F0151 /* Pods-yxl-iosUITests.debug.xcconfig */,
				C04F36A9F9077E68A0FBC8C7 /* Pods-yxl-iosUITests.release.xcconfig */,
			);
			name = Pods;
			sourceTree = "<group>";
		};
/* End PBXGroup section */

/* Begin PBXNativeTarget section */
		0412419B1DE81BA30028E618 /* yxl-ios */ = {
			isa = PBXNativeTarget;
			buildConfigurationList = 041241C71DE81BA30028E618 /* Build configuration list for PBXNativeTarget "yxl-ios" */;
			buildPhases = (
				C5EA2A7BD54EBB218B5F645D /* [CP] Check Pods Manifest.lock */,
				041241981DE81BA30028E618 /* Sources */,
				041241991DE81BA30028E618 /* Frameworks */,
				0412419A1DE81BA30028E618 /* Resources */,
				DC557ED118DA25EDD40B0425 /* [CP] Embed Pods Frameworks */,
				80B10C39A584E65786A64DFC /* [CP] Copy Pods Resources */,
			);
			buildRules = (
			);
			dependencies = (
			);
			name = "yxl-ios";
			productName = "yxl-ios";
			productReference = 0412419C1DE81BA30028E618 /* yxl-ios.app */;
			productType = "com.apple.product-type.application";
		};
/* End PBXNativeTarget section */

/* Begin PBXProject section */
		041241941DE81BA30028E618 /* Project object */ = {
			isa = PBXProject;
			attributes = {
				LastSwiftUpdateCheck = 0730;
				LastUpgradeCheck = 0810;
				ORGANIZATIONNAME = "孙若淮";
				TargetAttributes = {
					0412419B1DE81BA30028E618 = {
						CreatedOnToolsVersion = 7.3.1;
						DevelopmentTeam = UEE2H52CTA;
						LastSwiftMigration = 0810;
					};
				};
			};
			buildConfigurationList = 041241971DE81BA30028E618 /* Build configuration list for PBXProject "yxl-ios" */;
			compatibilityVersion = "Xcode 3.2";
			developmentRegion = English;
			hasScannedForEncodings = 0;
			knownRegions = (
				en,
				Base,
			);
			mainGroup = 041241931DE81BA30028E618;
			productRefGroup = 0412419D1DE81BA30028E618 /* Products */;
			projectDirPath = "";
			projectRoot = "";
			targets = (
				0412419B1DE81BA30028E618 /* yxl-ios */,
			);
		};
/* End PBXProject section */

/* Begin PBXResourcesBuildPhase section */
		0412419A1DE81BA30028E618 /* Resources */ = {
			isa = PBXResourcesBuildPhase;
			buildActionMask = 2147483647;
			files = (
				04626A351DFBA78900B4DE7C /* yxl_shop@2x.png in Resources */,
				04626A301DFBA78900B4DE7C /* yxl_message_s@2x.png in Resources */,
				04626A2F1DFBA78900B4DE7C /* yxl_home@2x.png in Resources */,
				04626A311DFBA78900B4DE7C /* yxl_message@2x.png in Resources */,
				04626A321DFBA78900B4DE7C /* yxl_mine_s@2x.png in Resources */,
				04D319C91DFE4300006C8016 /* SVProgressHUD.bundle in Resources */,
				04D319F01DFE8946006C8016 /* yxl_nav_bg@2x.png in Resources */,
				04626A331DFBA78900B4DE7C /* yxl_mine@2x.png in Resources */,
				041241AA1DE81BA30028E618 /* Assets.xcassets in Resources */,
				04D319F31DFE897E006C8016 /* yxl_nav_back@2x.png in Resources */,
				04626A341DFBA78900B4DE7C /* yxl_shop_s@2x.png in Resources */,
				04626A2E1DFBA78900B4DE7C /* yxl_home_s@2x.png in Resources */,
			);
			runOnlyForDeploymentPostprocessing = 0;
		};
/* End PBXResourcesBuildPhase section */

/* Begin PBXShellScriptBuildPhase section */
		80B10C39A584E65786A64DFC /* [CP] Copy Pods Resources */ = {
			isa = PBXShellScriptBuildPhase;
			buildActionMask = 2147483647;
			files = (
			);
			inputPaths = (
			);
			name = "[CP] Copy Pods Resources";
			outputPaths = (
			);
			runOnlyForDeploymentPostprocessing = 0;
			shellPath = /bin/sh;
			shellScript = "\"${SRCROOT}/Pods/Target Support Files/Pods-yxl-ios/Pods-yxl-ios-resources.sh\"\n";
			showEnvVarsInLog = 0;
		};
		C5EA2A7BD54EBB218B5F645D /* [CP] Check Pods Manifest.lock */ = {
			isa = PBXShellScriptBuildPhase;
			buildActionMask = 2147483647;
			files = (
			);
			inputPaths = (
			);
			name = "[CP] Check Pods Manifest.lock";
			outputPaths = (
			);
			runOnlyForDeploymentPostprocessing = 0;
			shellPath = /bin/sh;
			shellScript = "diff \"${PODS_ROOT}/../Podfile.lock\" \"${PODS_ROOT}/Manifest.lock\" > /dev/null\nif [ $? != 0 ] ; then\n    # print error to STDERR\n    echo \"error: The sandbox is not in sync with the Podfile.lock. Run 'pod install' or update your CocoaPods installation.\" >&2\n    exit 1\nfi\n";
			showEnvVarsInLog = 0;
		};
		DC557ED118DA25EDD40B0425 /* [CP] Embed Pods Frameworks */ = {
			isa = PBXShellScriptBuildPhase;
			buildActionMask = 2147483647;
			files = (
			);
			inputPaths = (
			);
			name = "[CP] Embed Pods Frameworks";
			outputPaths = (
			);
			runOnlyForDeploymentPostprocessing = 0;
			shellPath = /bin/sh;
			shellScript = "\"${SRCROOT}/Pods/Target Support Files/Pods-yxl-ios/Pods-yxl-ios-frameworks.sh\"\n";
			showEnvVarsInLog = 0;
		};
/* End PBXShellScriptBuildPhase section */

/* Begin PBXSourcesBuildPhase section */
		041241981DE81BA30028E618 /* Sources */ = {
			isa = PBXSourcesBuildPhase;
			buildActionMask = 2147483647;
			files = (
				04E911E21DFC023900C84802 /* UIView+WebCacheOperation.m in Sources */,
				04D319C81DFE4300006C8016 /* SVProgressAnimatedView.m in Sources */,
				04E911DB1DFC023900C84802 /* SDWebImageManager.m in Sources */,
				04D3199D1DFE4024006C8016 /* UIView+Category.m in Sources */,
				04E911D81DFC023900C84802 /* SDWebImageDecoder.m in Sources */,
				04E911DC1DFC023900C84802 /* SDWebImagePrefetcher.m in Sources */,
				04D318F01DFE376D006C8016 /* AppDelegate.m in Sources */,
				04E911E11DFC023900C84802 /* UIImageView+WebCache.m in Sources */,
				04D319971DFE3FE6006C8016 /* UITabBar+badge.m in Sources */,
				04D319D11DFE4FCD006C8016 /* YXLNavigationController.m in Sources */,
				04D319D71DFE509E006C8016 /* YXLAnimationTabBarController.m in Sources */,
				04D319CA1DFE4300006C8016 /* SVProgressHUD.m in Sources */,
				04D3198D1DFE3EBB006C8016 /* AppDelegate+Category.m in Sources */,
				04E911DE1DFC023900C84802 /* UIImage+GIF.m in Sources */,
				04D319E61DFE56A6006C8016 /* MessageViewController.m in Sources */,
				04D319C61DFE4300006C8016 /* ProgessHUD.m in Sources */,
				04D319C71DFE4300006C8016 /* SVIndefiniteAnimatedView.m in Sources */,
				04E911D51DFC023900C84802 /* NSData+ImageContentType.m in Sources */,
				04D319E31DFE5695006C8016 /* HomeViewController.m in Sources */,
				04D3199A1DFE3FEC006C8016 /* HUD.m in Sources */,
				04E911D71DFC023900C84802 /* SDWebImageCompat.m in Sources */,
				04E911D61DFC023900C84802 /* SDImageCache.m in Sources */,
				04D319E91DFE56B1006C8016 /* MineViewController.m in Sources */,
				04E911D91DFC023900C84802 /* SDWebImageDownloader.m in Sources */,
				04D319F61DFE89E2006C8016 /* UIBarButtonItem+Item.m in Sources */,
				04D319CB1DFE4300006C8016 /* SVRadialGradientLayer.m in Sources */,
				04E911DF1DFC023900C84802 /* UIImage+MultiFormat.m in Sources */,
				04D319911DFE3F23006C8016 /* UIColor+Category.m in Sources */,
				04D319DD1DFE564F006C8016 /* YXLTabBarController.m in Sources */,
				04D319341DFE38EC006C8016 /* main.m in Sources */,
				04D319EC1DFE6C37006C8016 /* UIDevice+Category.m in Sources */,
				04D319DA1DFE5137006C8016 /* YXLBaseViewController.m in Sources */,
				04E911DD1DFC023900C84802 /* UIButton+WebCache.m in Sources */,
				04E911DA1DFC023900C84802 /* SDWebImageDownloaderOperation.m in Sources */,
				041241A81DE81BA30028E618 /* yxl_ios.xcdatamodeld in Sources */,
				04D319E01DFE5688006C8016 /* BusinessViewController.m in Sources */,
				04E911E01DFC023900C84802 /* UIImageView+HighlightedWebCache.m in Sources */,
			);
			runOnlyForDeploymentPostprocessing = 0;
		};
/* End PBXSourcesBuildPhase section */

/* Begin XCBuildConfiguration section */
		041241C51DE81BA30028E618 /* Debug */ = {
			isa = XCBuildConfiguration;
			buildSettings = {
				ALWAYS_SEARCH_USER_PATHS = NO;
				CLANG_ANALYZER_NONNULL = YES;
				CLANG_CXX_LANGUAGE_STANDARD = "gnu++0x";
				CLANG_CXX_LIBRARY = "libc++";
				CLANG_ENABLE_MODULES = YES;
				CLANG_ENABLE_OBJC_ARC = YES;
				CLANG_WARN_BOOL_CONVERSION = YES;
				CLANG_WARN_CONSTANT_CONVERSION = YES;
				CLANG_WARN_DIRECT_OBJC_ISA_USAGE = YES_ERROR;
				CLANG_WARN_EMPTY_BODY = YES;
				CLANG_WARN_ENUM_CONVERSION = YES;
				CLANG_WARN_INFINITE_RECURSION = YES;
				CLANG_WARN_INT_CONVERSION = YES;
				CLANG_WARN_OBJC_ROOT_CLASS = YES_ERROR;
				CLANG_WARN_SUSPICIOUS_MOVE = YES;
				CLANG_WARN_UNREACHABLE_CODE = YES;
				CLANG_WARN__DUPLICATE_METHOD_MATCH = YES;
				"CODE_SIGN_IDENTITY[sdk=iphoneos*]" = "iPhone Developer";
				COPY_PHASE_STRIP = NO;
				DEBUG_INFORMATION_FORMAT = dwarf;
				ENABLE_STRICT_OBJC_MSGSEND = YES;
				ENABLE_TESTABILITY = YES;
				GCC_C_LANGUAGE_STANDARD = gnu99;
				GCC_DYNAMIC_NO_PIC = NO;
				GCC_NO_COMMON_BLOCKS = YES;
				GCC_OPTIMIZATION_LEVEL = 0;
				GCC_PREPROCESSOR_DEFINITIONS = (
					"DEBUG=1",
					"$(inherited)",
				);
				GCC_WARN_64_TO_32_BIT_CONVERSION = YES;
				GCC_WARN_ABOUT_RETURN_TYPE = YES_ERROR;
				GCC_WARN_UNDECLARED_SELECTOR = YES;
				GCC_WARN_UNINITIALIZED_AUTOS = YES_AGGRESSIVE;
				GCC_WARN_UNUSED_FUNCTION = YES;
				GCC_WARN_UNUSED_VARIABLE = YES;
				IPHONEOS_DEPLOYMENT_TARGET = 8.0;
				MTL_ENABLE_DEBUG_INFO = YES;
				ONLY_ACTIVE_ARCH = YES;
				SDKROOT = iphoneos;
				SWIFT_OPTIMIZATION_LEVEL = "-Onone";
			};
			name = Debug;
		};
		041241C61DE81BA30028E618 /* Release */ = {
			isa = XCBuildConfiguration;
			buildSettings = {
				ALWAYS_SEARCH_USER_PATHS = NO;
				CLANG_ANALYZER_NONNULL = YES;
				CLANG_CXX_LANGUAGE_STANDARD = "gnu++0x";
				CLANG_CXX_LIBRARY = "libc++";
				CLANG_ENABLE_MODULES = YES;
				CLANG_ENABLE_OBJC_ARC = YES;
				CLANG_WARN_BOOL_CONVERSION = YES;
				CLANG_WARN_CONSTANT_CONVERSION = YES;
				CLANG_WARN_DIRECT_OBJC_ISA_USAGE = YES_ERROR;
				CLANG_WARN_EMPTY_BODY = YES;
				CLANG_WARN_ENUM_CONVERSION = YES;
				CLANG_WARN_INFINITE_RECURSION = YES;
				CLANG_WARN_INT_CONVERSION = YES;
				CLANG_WARN_OBJC_ROOT_CLASS = YES_ERROR;
				CLANG_WARN_SUSPICIOUS_MOVE = YES;
				CLANG_WARN_UNREACHABLE_CODE = YES;
				CLANG_WARN__DUPLICATE_METHOD_MATCH = YES;
				"CODE_SIGN_IDENTITY[sdk=iphoneos*]" = "iPhone Developer";
				COPY_PHASE_STRIP = NO;
				DEBUG_INFORMATION_FORMAT = "dwarf-with-dsym";
				ENABLE_NS_ASSERTIONS = NO;
				ENABLE_STRICT_OBJC_MSGSEND = YES;
				GCC_C_LANGUAGE_STANDARD = gnu99;
				GCC_NO_COMMON_BLOCKS = YES;
				GCC_WARN_64_TO_32_BIT_CONVERSION = YES;
				GCC_WARN_ABOUT_RETURN_TYPE = YES_ERROR;
				GCC_WARN_UNDECLARED_SELECTOR = YES;
				GCC_WARN_UNINITIALIZED_AUTOS = YES_AGGRESSIVE;
				GCC_WARN_UNUSED_FUNCTION = YES;
				GCC_WARN_UNUSED_VARIABLE = YES;
				IPHONEOS_DEPLOYMENT_TARGET = 8.0;
				MTL_ENABLE_DEBUG_INFO = NO;
				ONLY_ACTIVE_ARCH = YES;
				SDKROOT = iphoneos;
				SWIFT_OPTIMIZATION_LEVEL = "-Owholemodule";
				VALIDATE_PRODUCT = YES;
			};
			name = Release;
		};
		041241C81DE81BA30028E618 /* Debug */ = {
			isa = XCBuildConfiguration;
			baseConfigurationReference = 59BFD627CC917C916AA13AAC /* Pods-yxl-ios.debug.xcconfig */;
			buildSettings = {
				ALWAYS_EMBED_SWIFT_STANDARD_LIBRARIES = YES;
				ASSETCATALOG_COMPILER_APPICON_NAME = AppIcon;
				ASSETCATALOG_COMPILER_LAUNCHIMAGE_NAME = LaunchImage;
				CLANG_ENABLE_MODULES = YES;
				DEVELOPMENT_TEAM = UEE2H52CTA;
				ENABLE_BITCODE = NO;
				GCC_PRECOMPILE_PREFIX_HEADER = YES;
				GCC_PREFIX_HEADER = "$(SRCROOT)/yxl-ios/PrefixHeader.pch";
				INFOPLIST_FILE = "yxl-ios/Info.plist";
				IPHONEOS_DEPLOYMENT_TARGET = 8.0;
				LD_RUNPATH_SEARCH_PATHS = "$(inherited) @executable_path/Frameworks";
				PRODUCT_BUNDLE_IDENTIFIER = "com.erongchuang.yxl-ios";
				PRODUCT_NAME = "$(TARGET_NAME)";
				SWIFT_OBJC_BRIDGING_HEADER = "yxl-ios/YXL-Bridging-Header.h";
				SWIFT_OPTIMIZATION_LEVEL = "-Onone";
				SWIFT_VERSION = 3.0;
			};
			name = Debug;
		};
		041241C91DE81BA30028E618 /* Release */ = {
			isa = XCBuildConfiguration;
			baseConfigurationReference = 63225FD24D572E7B9882A15D /* Pods-yxl-ios.release.xcconfig */;
			buildSettings = {
				ALWAYS_EMBED_SWIFT_STANDARD_LIBRARIES = YES;
				ASSETCATALOG_COMPILER_APPICON_NAME = AppIcon;
				ASSETCATALOG_COMPILER_LAUNCHIMAGE_NAME = LaunchImage;
				CLANG_ENABLE_MODULES = YES;
				DEVELOPMENT_TEAM = UEE2H52CTA;
				ENABLE_BITCODE = NO;
				GCC_PRECOMPILE_PREFIX_HEADER = YES;
				GCC_PREFIX_HEADER = "$(SRCROOT)/yxl-ios/PrefixHeader.pch";
				INFOPLIST_FILE = "yxl-ios/Info.plist";
				IPHONEOS_DEPLOYMENT_TARGET = 8.0;
				LD_RUNPATH_SEARCH_PATHS = "$(inherited) @executable_path/Frameworks";
				PRODUCT_BUNDLE_IDENTIFIER = "com.erongchuang.yxl-ios";
				PRODUCT_NAME = "$(TARGET_NAME)";
				SWIFT_OBJC_BRIDGING_HEADER = "yxl-ios/YXL-Bridging-Header.h";
				SWIFT_VERSION = 3.0;
			};
			name = Release;
		};
/* End XCBuildConfiguration section */

/* Begin XCConfigurationList section */
		041241971DE81BA30028E618 /* Build configuration list for PBXProject "yxl-ios" */ = {
			isa = XCConfigurationList;
			buildConfigurations = (
				041241C51DE81BA30028E618 /* Debug */,
				041241C61DE81BA30028E618 /* Release */,
			);
			defaultConfigurationIsVisible = 0;
			defaultConfigurationName = Release;
		};
		041241C71DE81BA30028E618 /* Build configuration list for PBXNativeTarget "yxl-ios" */ = {
			isa = XCConfigurationList;
			buildConfigurations = (
				041241C81DE81BA30028E618 /* Debug */,
				041241C91DE81BA30028E618 /* Release */,
			);
			defaultConfigurationIsVisible = 0;
			defaultConfigurationName = Release;
		};
/* End XCConfigurationList section */

/* Begin XCVersionGroup section */
		041241A61DE81BA30028E618 /* yxl_ios.xcdatamodeld */ = {
			isa = XCVersionGroup;
			children = (
				041241A71DE81BA30028E618 /* yxl_ios.xcdatamodel */,
			);
			currentVersion = 041241A71DE81BA30028E618 /* yxl_ios.xcdatamodel */;
			path = yxl_ios.xcdatamodeld;
			sourceTree = "<group>";
			versionGroupType = wrapper.xcdatamodel;
		};
/* End XCVersionGroup section */
	};
	rootObject = 041241941DE81BA30028E618 /* Project object */;
}
