// !$*UTF8*$!
{
	archiveVersion = 1;
	classes = {
	};
	objectVersion = 46;
	objects = {

/* Begin PBXBuildFile section */
		041241A01DE81BA30028E618 /* AppDelegate.swift in Sources */ = {isa = PBXBuildFile; fileRef = 0412419F1DE81BA30028E618 /* AppDelegate.swift */; };
		041241A81DE81BA30028E618 /* yxl_ios.xcdatamodeld in Sources */ = {isa = PBXBuildFile; fileRef = 041241A61DE81BA30028E618 /* yxl_ios.xcdatamodeld */; };
		041241AA1DE81BA30028E618 /* Assets.xcassets in Resources */ = {isa = PBXBuildFile; fileRef = 041241A91DE81BA30028E618 /* Assets.xcassets */; };
		041241B81DE81BA30028E618 /* yxl_iosTests.swift in Sources */ = {isa = PBXBuildFile; fileRef = 041241B71DE81BA30028E618 /* yxl_iosTests.swift */; };
		041241C31DE81BA30028E618 /* yxl_iosUITests.swift in Sources */ = {isa = PBXBuildFile; fileRef = 041241C21DE81BA30028E618 /* yxl_iosUITests.swift */; };
		BD2B7B27CBF8BDA084572862 /* Pods_yxl_ios.framework in Frameworks */ = {isa = PBXBuildFile; fileRef = 9036F1D24FCE624311E14D9C /* Pods_yxl_ios.framework */; };
		CAF43ECFAD83ED5ED08CE36E /* Pods_yxl_iosUITests.framework in Frameworks */ = {isa = PBXBuildFile; fileRef = FADC00B8EB8163BA629E2E0F /* Pods_yxl_iosUITests.framework */; };
		EBF862CE3238F1B5DD6A0480 /* Pods_yxl_iosTests.framework in Frameworks */ = {isa = PBXBuildFile; fileRef = FA8AB1628B46CFEA295C146F /* Pods_yxl_iosTests.framework */; };
/* End PBXBuildFile section */

/* Begin PBXContainerItemProxy section */
		041241B41DE81BA30028E618 /* PBXContainerItemProxy */ = {
			isa = PBXContainerItemProxy;
			containerPortal = 041241941DE81BA30028E618 /* Project object */;
			proxyType = 1;
			remoteGlobalIDString = 0412419B1DE81BA30028E618;
			remoteInfo = "yxl-ios";
		};
		041241BF1DE81BA30028E618 /* PBXContainerItemProxy */ = {
			isa = PBXContainerItemProxy;
			containerPortal = 041241941DE81BA30028E618 /* Project object */;
			proxyType = 1;
			remoteGlobalIDString = 0412419B1DE81BA30028E618;
			remoteInfo = "yxl-ios";
		};
/* End PBXContainerItemProxy section */

/* Begin PBXFileReference section */
		0412419C1DE81BA30028E618 /* yxl-ios.app */ = {isa = PBXFileReference; explicitFileType = wrapper.application; includeInIndex = 0; path = "yxl-ios.app"; sourceTree = BUILT_PRODUCTS_DIR; };
		0412419F1DE81BA30028E618 /* AppDelegate.swift */ = {isa = PBXFileReference; lastKnownFileType = sourcecode.swift; path = AppDelegate.swift; sourceTree = "<group>"; };
		041241A71DE81BA30028E618 /* yxl_ios.xcdatamodel */ = {isa = PBXFileReference; lastKnownFileType = wrapper.xcdatamodel; path = yxl_ios.xcdatamodel; sourceTree = "<group>"; };
		041241A91DE81BA30028E618 /* Assets.xcassets */ = {isa = PBXFileReference; lastKnownFileType = folder.assetcatalog; path = Assets.xcassets; sourceTree = "<group>"; };
		041241AE1DE81BA30028E618 /* Info.plist */ = {isa = PBXFileReference; lastKnownFileType = text.plist.xml; path = Info.plist; sourceTree = "<group>"; };
		041241B31DE81BA30028E618 /* yxl-iosTests.xctest */ = {isa = PBXFileReference; explicitFileType = wrapper.cfbundle; includeInIndex = 0; path = "yxl-iosTests.xctest"; sourceTree = BUILT_PRODUCTS_DIR; };
		041241B71DE81BA30028E618 /* yxl_iosTests.swift */ = {isa = PBXFileReference; lastKnownFileType = sourcecode.swift; path = yxl_iosTests.swift; sourceTree = "<group>"; };
		041241B91DE81BA30028E618 /* Info.plist */ = {isa = PBXFileReference; lastKnownFileType = text.plist.xml; path = Info.plist; sourceTree = "<group>"; };
		041241BE1DE81BA30028E618 /* yxl-iosUITests.xctest */ = {isa = PBXFileReference; explicitFileType = wrapper.cfbundle; includeInIndex = 0; path = "yxl-iosUITests.xctest"; sourceTree = BUILT_PRODUCTS_DIR; };
		041241C21DE81BA30028E618 /* yxl_iosUITests.swift */ = {isa = PBXFileReference; lastKnownFileType = sourcecode.swift; path = yxl_iosUITests.swift; sourceTree = "<group>"; };
		041241C41DE81BA30028E618 /* Info.plist */ = {isa = PBXFileReference; lastKnownFileType = text.plist.xml; path = Info.plist; sourceTree = "<group>"; };
		59BFD627CC917C916AA13AAC /* Pods-yxl-ios.debug.xcconfig */ = {isa = PBXFileReference; includeInIndex = 1; lastKnownFileType = text.xcconfig; name = "Pods-yxl-ios.debug.xcconfig"; path = "Pods/Target Support Files/Pods-yxl-ios/Pods-yxl-ios.debug.xcconfig"; sourceTree = "<group>"; };
		63225FD24D572E7B9882A15D /* Pods-yxl-ios.release.xcconfig */ = {isa = PBXFileReference; includeInIndex = 1; lastKnownFileType = text.xcconfig; name = "Pods-yxl-ios.release.xcconfig"; path = "Pods/Target Support Files/Pods-yxl-ios/Pods-yxl-ios.release.xcconfig"; sourceTree = "<group>"; };
		9036F1D24FCE624311E14D9C /* Pods_yxl_ios.framework */ = {isa = PBXFileReference; explicitFileType = wrapper.framework; includeInIndex = 0; path = Pods_yxl_ios.framework; sourceTree = BUILT_PRODUCTS_DIR; };
		AA70F8AC591D63580217C364 /* Pods-yxl-iosTests.debug.xcconfig */ = {isa = PBXFileReference; includeInIndex = 1; lastKnownFileType = text.xcconfig; name = "Pods-yxl-iosTests.debug.xcconfig"; path = "Pods/Target Support Files/Pods-yxl-iosTests/Pods-yxl-iosTests.debug.xcconfig"; sourceTree = "<group>"; };
		C04F36A9F9077E68A0FBC8C7 /* Pods-yxl-iosUITests.release.xcconfig */ = {isa = PBXFileReference; includeInIndex = 1; lastKnownFileType = text.xcconfig; name = "Pods-yxl-iosUITests.release.xcconfig"; path = "Pods/Target Support Files/Pods-yxl-iosUITests/Pods-yxl-iosUITests.release.xcconfig"; sourceTree = "<group>"; };
		D43156601C9F16E7185F0151 /* Pods-yxl-iosUITests.debug.xcconfig */ = {isa = PBXFileReference; includeInIndex = 1; lastKnownFileType = text.xcconfig; name = "Pods-yxl-iosUITests.debug.xcconfig"; path = "Pods/Target Support Files/Pods-yxl-iosUITests/Pods-yxl-iosUITests.debug.xcconfig"; sourceTree = "<group>"; };
		FA8AB1628B46CFEA295C146F /* Pods_yxl_iosTests.framework */ = {isa = PBXFileReference; explicitFileType = wrapper.framework; includeInIndex = 0; path = Pods_yxl_iosTests.framework; sourceTree = BUILT_PRODUCTS_DIR; };
		FADC00B8EB8163BA629E2E0F /* Pods_yxl_iosUITests.framework */ = {isa = PBXFileReference; explicitFileType = wrapper.framework; includeInIndex = 0; path = Pods_yxl_iosUITests.framework; sourceTree = BUILT_PRODUCTS_DIR; };
		FCF8FE3F3AD418A4883E487A /* Pods-yxl-iosTests.release.xcconfig */ = {isa = PBXFileReference; includeInIndex = 1; lastKnownFileType = text.xcconfig; name = "Pods-yxl-iosTests.release.xcconfig"; path = "Pods/Target Support Files/Pods-yxl-iosTests/Pods-yxl-iosTests.release.xcconfig"; sourceTree = "<group>"; };
/* End PBXFileReference section */

/* Begin PBXFrameworksBuildPhase section */
		041241991DE81BA30028E618 /* Frameworks */ = {
			isa = PBXFrameworksBuildPhase;
			buildActionMask = 2147483647;
			files = (
				BD2B7B27CBF8BDA084572862 /* Pods_yxl_ios.framework in Frameworks */,
			);
			runOnlyForDeploymentPostprocessing = 0;
		};
		041241B01DE81BA30028E618 /* Frameworks */ = {
			isa = PBXFrameworksBuildPhase;
			buildActionMask = 2147483647;
			files = (
				EBF862CE3238F1B5DD6A0480 /* Pods_yxl_iosTests.framework in Frameworks */,
			);
			runOnlyForDeploymentPostprocessing = 0;
		};
		041241BB1DE81BA30028E618 /* Frameworks */ = {
			isa = PBXFrameworksBuildPhase;
			buildActionMask = 2147483647;
			files = (
				CAF43ECFAD83ED5ED08CE36E /* Pods_yxl_iosUITests.framework in Frameworks */,
			);
			runOnlyForDeploymentPostprocessing = 0;
		};
/* End PBXFrameworksBuildPhase section */

/* Begin PBXGroup section */
		041241931DE81BA30028E618 = {
			isa = PBXGroup;
			children = (
				0412419E1DE81BA30028E618 /* yxl-ios */,
				041241B61DE81BA30028E618 /* yxl-iosTests */,
				041241C11DE81BA30028E618 /* yxl-iosUITests */,
				0412419D1DE81BA30028E618 /* Products */,
				678FF30335021FFEFF857288 /* Pods */,
				1C4674FE3D3A4D160799EC27 /* Frameworks */,
			);
			sourceTree = "<group>";
		};
		0412419D1DE81BA30028E618 /* Products */ = {
			isa = PBXGroup;
			children = (
				0412419C1DE81BA30028E618 /* yxl-ios.app */,
				041241B31DE81BA30028E618 /* yxl-iosTests.xctest */,
				041241BE1DE81BA30028E618 /* yxl-iosUITests.xctest */,
			);
			name = Products;
			sourceTree = "<group>";
		};
		0412419E1DE81BA30028E618 /* yxl-ios */ = {
			isa = PBXGroup;
			children = (
				0481CEBA1DE82F7600C68218 /* Class */,
				0412419F1DE81BA30028E618 /* AppDelegate.swift */,
				041241A91DE81BA30028E618 /* Assets.xcassets */,
				041241AE1DE81BA30028E618 /* Info.plist */,
				041241A61DE81BA30028E618 /* yxl_ios.xcdatamodeld */,
			);
			path = "yxl-ios";
			sourceTree = "<group>";
		};
		041241B61DE81BA30028E618 /* yxl-iosTests */ = {
			isa = PBXGroup;
			children = (
				041241B71DE81BA30028E618 /* yxl_iosTests.swift */,
				041241B91DE81BA30028E618 /* Info.plist */,
			);
			path = "yxl-iosTests";
			sourceTree = "<group>";
		};
		041241C11DE81BA30028E618 /* yxl-iosUITests */ = {
			isa = PBXGroup;
			children = (
				041241C21DE81BA30028E618 /* yxl_iosUITests.swift */,
				041241C41DE81BA30028E618 /* Info.plist */,
			);
			path = "yxl-iosUITests";
			sourceTree = "<group>";
		};
		0481CEBA1DE82F7600C68218 /* Class */ = {
			isa = PBXGroup;
			children = (
				0481CEC41DE82F7600C68218 /* YXLBase */,
				0481CEBB1DE82F7600C68218 /* Home */,
				0481CEC11DE82F7600C68218 /* SuperMarket */,
				0481CEBC1DE82F7600C68218 /* Message */,
				0481CEBD1DE82F7600C68218 /* Mine */,
				0481CEBE1DE82F7600C68218 /* Other */,
				0481CEBF1DE82F7600C68218 /* Resouce */,
				0481CEC21DE82F7600C68218 /* Tools */,
				0481CEC31DE82F7600C68218 /* Vender */,
			);
			path = Class;
			sourceTree = "<group>";
		};
		0481CEBB1DE82F7600C68218 /* Home */ = {
			isa = PBXGroup;
			children = (
			);
			path = Home;
			sourceTree = "<group>";
		};
		0481CEBC1DE82F7600C68218 /* Message */ = {
			isa = PBXGroup;
			children = (
			);
			path = Message;
			sourceTree = "<group>";
		};
		0481CEBD1DE82F7600C68218 /* Mine */ = {
			isa = PBXGroup;
			children = (
			);
			path = Mine;
			sourceTree = "<group>";
		};
		0481CEBE1DE82F7600C68218 /* Other */ = {
			isa = PBXGroup;
			children = (
			);
			path = Other;
			sourceTree = "<group>";
		};
		0481CEBF1DE82F7600C68218 /* Resouce */ = {
			isa = PBXGroup;
			children = (
				0481CEC01DE82F7600C68218 /* Images */,
			);
			path = Resouce;
			sourceTree = "<group>";
		};
		0481CEC01DE82F7600C68218 /* Images */ = {
			isa = PBXGroup;
			children = (
			);
			path = Images;
			sourceTree = "<group>";
		};
		0481CEC11DE82F7600C68218 /* SuperMarket */ = {
			isa = PBXGroup;
			children = (
			);
			path = SuperMarket;
			sourceTree = "<group>";
		};
		0481CEC21DE82F7600C68218 /* Tools */ = {
			isa = PBXGroup;
			children = (
			);
			path = Tools;
			sourceTree = "<group>";
		};
		0481CEC31DE82F7600C68218 /* Vender */ = {
			isa = PBXGroup;
			children = (
			);
			path = Vender;
			sourceTree = "<group>";
		};
		0481CEC41DE82F7600C68218 /* YXLBase */ = {
			isa = PBXGroup;
			children = (
				0481CEC51DE82F7600C68218 /* Common */,
				0481CEC61DE82F7600C68218 /* Extension */,
				0481CEC71DE82F7600C68218 /* YXLRefresh */,
			);
			path = YXLBase;
			sourceTree = "<group>";
		};
		0481CEC51DE82F7600C68218 /* Common */ = {
			isa = PBXGroup;
			children = (
			);
			path = Common;
			sourceTree = "<group>";
		};
		0481CEC61DE82F7600C68218 /* Extension */ = {
			isa = PBXGroup;
			children = (
			);
			path = Extension;
			sourceTree = "<group>";
		};
		0481CEC71DE82F7600C68218 /* YXLRefresh */ = {
			isa = PBXGroup;
			children = (
			);
			path = YXLRefresh;
			sourceTree = "<group>";
		};
		1C4674FE3D3A4D160799EC27 /* Frameworks */ = {
			isa = PBXGroup;
			children = (
				9036F1D24FCE624311E14D9C /* Pods_yxl_ios.framework */,
				FA8AB1628B46CFEA295C146F /* Pods_yxl_iosTests.framework */,
				FADC00B8EB8163BA629E2E0F /* Pods_yxl_iosUITests.framework */,
			);
			name = Frameworks;
			sourceTree = "<group>";
		};
		678FF30335021FFEFF857288 /* Pods */ = {
			isa = PBXGroup;
			children = (
				59BFD627CC917C916AA13AAC /* Pods-yxl-ios.debug.xcconfig */,
				63225FD24D572E7B9882A15D /* Pods-yxl-ios.release.xcconfig */,
				AA70F8AC591D63580217C364 /* Pods-yxl-iosTests.debug.xcconfig */,
				FCF8FE3F3AD418A4883E487A /* Pods-yxl-iosTests.release.xcconfig */,
				D43156601C9F16E7185F0151 /* Pods-yxl-iosUITests.debug.xcconfig */,
				C04F36A9F9077E68A0FBC8C7 /* Pods-yxl-iosUITests.release.xcconfig */,
			);
			name = Pods;
			sourceTree = "<group>";
		};
/* End PBXGroup section */

/* Begin PBXNativeTarget section */
		0412419B1DE81BA30028E618 /* yxl-ios */ = {
			isa = PBXNativeTarget;
			buildConfigurationList = 041241C71DE81BA30028E618 /* Build configuration list for PBXNativeTarget "yxl-ios" */;
			buildPhases = (
				C5EA2A7BD54EBB218B5F645D /* [CP] Check Pods Manifest.lock */,
				041241981DE81BA30028E618 /* Sources */,
				041241991DE81BA30028E618 /* Frameworks */,
				0412419A1DE81BA30028E618 /* Resources */,
				DC557ED118DA25EDD40B0425 /* [CP] Embed Pods Frameworks */,
				80B10C39A584E65786A64DFC /* [CP] Copy Pods Resources */,
			);
			buildRules = (
			);
			dependencies = (
			);
			name = "yxl-ios";
			productName = "yxl-ios";
			productReference = 0412419C1DE81BA30028E618 /* yxl-ios.app */;
			productType = "com.apple.product-type.application";
		};
		041241B21DE81BA30028E618 /* yxl-iosTests */ = {
			isa = PBXNativeTarget;
			buildConfigurationList = 041241CA1DE81BA30028E618 /* Build configuration list for PBXNativeTarget "yxl-iosTests" */;
			buildPhases = (
				1E349323C1B7BAA250D662B9 /* [CP] Check Pods Manifest.lock */,
				041241AF1DE81BA30028E618 /* Sources */,
				041241B01DE81BA30028E618 /* Frameworks */,
				041241B11DE81BA30028E618 /* Resources */,
				A23E4A006A8DC11C30B8856C /* [CP] Embed Pods Frameworks */,
				0759A0326463B1E86AAB9318 /* [CP] Copy Pods Resources */,
			);
			buildRules = (
			);
			dependencies = (
				041241B51DE81BA30028E618 /* PBXTargetDependency */,
			);
			name = "yxl-iosTests";
			productName = "yxl-iosTests";
			productReference = 041241B31DE81BA30028E618 /* yxl-iosTests.xctest */;
			productType = "com.apple.product-type.bundle.unit-test";
		};
		041241BD1DE81BA30028E618 /* yxl-iosUITests */ = {
			isa = PBXNativeTarget;
			buildConfigurationList = 041241CD1DE81BA30028E618 /* Build configuration list for PBXNativeTarget "yxl-iosUITests" */;
			buildPhases = (
				4A93691A1BFF3F3B7FFCA089 /* [CP] Check Pods Manifest.lock */,
				041241BA1DE81BA30028E618 /* Sources */,
				041241BB1DE81BA30028E618 /* Frameworks */,
				041241BC1DE81BA30028E618 /* Resources */,
				4462C9C233A17DF6D48EC01A /* [CP] Copy Pods Resources */,
				AB04260C66502F561ABED5AE /* [CP] Embed Pods Frameworks */,
			);
			buildRules = (
			);
			dependencies = (
				041241C01DE81BA30028E618 /* PBXTargetDependency */,
			);
			name = "yxl-iosUITests";
			productName = "yxl-iosUITests";
			productReference = 041241BE1DE81BA30028E618 /* yxl-iosUITests.xctest */;
			productType = "com.apple.product-type.bundle.ui-testing";
		};
/* End PBXNativeTarget section */

/* Begin PBXProject section */
		041241941DE81BA30028E618 /* Project object */ = {
			isa = PBXProject;
			attributes = {
				LastSwiftUpdateCheck = 0730;
				LastUpgradeCheck = 0810;
				ORGANIZATIONNAME = "孙若淮";
				TargetAttributes = {
					0412419B1DE81BA30028E618 = {
						CreatedOnToolsVersion = 7.3.1;
						DevelopmentTeam = UEE2H52CTA;
						LastSwiftMigration = 0810;
					};
					041241B21DE81BA30028E618 = {
						CreatedOnToolsVersion = 7.3.1;
						LastSwiftMigration = 0810;
						TestTargetID = 0412419B1DE81BA30028E618;
					};
					041241BD1DE81BA30028E618 = {
						CreatedOnToolsVersion = 7.3.1;
						LastSwiftMigration = 0810;
						TestTargetID = 0412419B1DE81BA30028E618;
					};
				};
			};
			buildConfigurationList = 041241971DE81BA30028E618 /* Build configuration list for PBXProject "yxl-ios" */;
			compatibilityVersion = "Xcode 3.2";
			developmentRegion = English;
			hasScannedForEncodings = 0;
			knownRegions = (
				en,
				Base,
			);
			mainGroup = 041241931DE81BA30028E618;
			productRefGroup = 0412419D1DE81BA30028E618 /* Products */;
			projectDirPath = "";
			projectRoot = "";
			targets = (
				0412419B1DE81BA30028E618 /* yxl-ios */,
				041241B21DE81BA30028E618 /* yxl-iosTests */,
				041241BD1DE81BA30028E618 /* yxl-iosUITests */,
			);
		};
/* End PBXProject section */

/* Begin PBXResourcesBuildPhase section */
		0412419A1DE81BA30028E618 /* Resources */ = {
			isa = PBXResourcesBuildPhase;
			buildActionMask = 2147483647;
			files = (
				041241AA1DE81BA30028E618 /* Assets.xcassets in Resources */,
			);
			runOnlyForDeploymentPostprocessing = 0;
		};
		041241B11DE81BA30028E618 /* Resources */ = {
			isa = PBXResourcesBuildPhase;
			buildActionMask = 2147483647;
			files = (
			);
			runOnlyForDeploymentPostprocessing = 0;
		};
		041241BC1DE81BA30028E618 /* Resources */ = {
			isa = PBXResourcesBuildPhase;
			buildActionMask = 2147483647;
			files = (
			);
			runOnlyForDeploymentPostprocessing = 0;
		};
/* End PBXResourcesBuildPhase section */

/* Begin PBXShellScriptBuildPhase section */
		0759A0326463B1E86AAB9318 /* [CP] Copy Pods Resources */ = {
			isa = PBXShellScriptBuildPhase;
			buildActionMask = 2147483647;
			files = (
			);
			inputPaths = (
			);
			name = "[CP] Copy Pods Resources";
			outputPaths = (
			);
			runOnlyForDeploymentPostprocessing = 0;
			shellPath = /bin/sh;
			shellScript = "\"${SRCROOT}/Pods/Target Support Files/Pods-yxl-iosTests/Pods-yxl-iosTests-resources.sh\"\n";
			showEnvVarsInLog = 0;
		};
		1E349323C1B7BAA250D662B9 /* [CP] Check Pods Manifest.lock */ = {
			isa = PBXShellScriptBuildPhase;
			buildActionMask = 2147483647;
			files = (
			);
			inputPaths = (
			);
			name = "[CP] Check Pods Manifest.lock";
			outputPaths = (
			);
			runOnlyForDeploymentPostprocessing = 0;
			shellPath = /bin/sh;
			shellScript = "diff \"${PODS_ROOT}/../Podfile.lock\" \"${PODS_ROOT}/Manifest.lock\" > /dev/null\nif [ $? != 0 ] ; then\n    # print error to STDERR\n    echo \"error: The sandbox is not in sync with the Podfile.lock. Run 'pod install' or update your CocoaPods installation.\" >&2\n    exit 1\nfi\n";
			showEnvVarsInLog = 0;
		};
		4462C9C233A17DF6D48EC01A /* [CP] Copy Pods Resources */ = {
			isa = PBXShellScriptBuildPhase;
			buildActionMask = 2147483647;
			files = (
			);
			inputPaths = (
			);
			name = "[CP] Copy Pods Resources";
			outputPaths = (
			);
			runOnlyForDeploymentPostprocessing = 0;
			shellPath = /bin/sh;
			shellScript = "\"${SRCROOT}/Pods/Target Support Files/Pods-yxl-iosUITests/Pods-yxl-iosUITests-resources.sh\"\n";
			showEnvVarsInLog = 0;
		};
		4A93691A1BFF3F3B7FFCA089 /* [CP] Check Pods Manifest.lock */ = {
			isa = PBXShellScriptBuildPhase;
			buildActionMask = 2147483647;
			files = (
			);
			inputPaths = (
			);
			name = "[CP] Check Pods Manifest.lock";
			outputPaths = (
			);
			runOnlyForDeploymentPostprocessing = 0;
			shellPath = /bin/sh;
			shellScript = "diff \"${PODS_ROOT}/../Podfile.lock\" \"${PODS_ROOT}/Manifest.lock\" > /dev/null\nif [ $? != 0 ] ; then\n    # print error to STDERR\n    echo \"error: The sandbox is not in sync with the Podfile.lock. Run 'pod install' or update your CocoaPods installation.\" >&2\n    exit 1\nfi\n";
			showEnvVarsInLog = 0;
		};
		80B10C39A584E65786A64DFC /* [CP] Copy Pods Resources */ = {
			isa = PBXShellScriptBuildPhase;
			buildActionMask = 2147483647;
			files = (
			);
			inputPaths = (
			);
			name = "[CP] Copy Pods Resources";
			outputPaths = (
			);
			runOnlyForDeploymentPostprocessing = 0;
			shellPath = /bin/sh;
			shellScript = "\"${SRCROOT}/Pods/Target Support Files/Pods-yxl-ios/Pods-yxl-ios-resources.sh\"\n";
			showEnvVarsInLog = 0;
		};
		A23E4A006A8DC11C30B8856C /* [CP] Embed Pods Frameworks */ = {
			isa = PBXShellScriptBuildPhase;
			buildActionMask = 2147483647;
			files = (
			);
			inputPaths = (
			);
			name = "[CP] Embed Pods Frameworks";
			outputPaths = (
			);
			runOnlyForDeploymentPostprocessing = 0;
			shellPath = /bin/sh;
			shellScript = "\"${SRCROOT}/Pods/Target Support Files/Pods-yxl-iosTests/Pods-yxl-iosTests-frameworks.sh\"\n";
			showEnvVarsInLog = 0;
		};
		AB04260C66502F561ABED5AE /* [CP] Embed Pods Frameworks */ = {
			isa = PBXShellScriptBuildPhase;
			buildActionMask = 2147483647;
			files = (
			);
			inputPaths = (
			);
			name = "[CP] Embed Pods Frameworks";
			outputPaths = (
			);
			runOnlyForDeploymentPostprocessing = 0;
			shellPath = /bin/sh;
			shellScript = "\"${SRCROOT}/Pods/Target Support Files/Pods-yxl-iosUITests/Pods-yxl-iosUITests-frameworks.sh\"\n";
			showEnvVarsInLog = 0;
		};
		C5EA2A7BD54EBB218B5F645D /* [CP] Check Pods Manifest.lock */ = {
			isa = PBXShellScriptBuildPhase;
			buildActionMask = 2147483647;
			files = (
			);
			inputPaths = (
			);
			name = "[CP] Check Pods Manifest.lock";
			outputPaths = (
			);
			runOnlyForDeploymentPostprocessing = 0;
			shellPath = /bin/sh;
			shellScript = "diff \"${PODS_ROOT}/../Podfile.lock\" \"${PODS_ROOT}/Manifest.lock\" > /dev/null\nif [ $? != 0 ] ; then\n    # print error to STDERR\n    echo \"error: The sandbox is not in sync with the Podfile.lock. Run 'pod install' or update your CocoaPods installation.\" >&2\n    exit 1\nfi\n";
			showEnvVarsInLog = 0;
		};
		DC557ED118DA25EDD40B0425 /* [CP] Embed Pods Frameworks */ = {
			isa = PBXShellScriptBuildPhase;
			buildActionMask = 2147483647;
			files = (
			);
			inputPaths = (
			);
			name = "[CP] Embed Pods Frameworks";
			outputPaths = (
			);
			runOnlyForDeploymentPostprocessing = 0;
			shellPath = /bin/sh;
			shellScript = "\"${SRCROOT}/Pods/Target Support Files/Pods-yxl-ios/Pods-yxl-ios-frameworks.sh\"\n";
			showEnvVarsInLog = 0;
		};
/* End PBXShellScriptBuildPhase section */

/* Begin PBXSourcesBuildPhase section */
		041241981DE81BA30028E618 /* Sources */ = {
			isa = PBXSourcesBuildPhase;
			buildActionMask = 2147483647;
			files = (
				041241A81DE81BA30028E618 /* yxl_ios.xcdatamodeld in Sources */,
				041241A01DE81BA30028E618 /* AppDelegate.swift in Sources */,
			);
			runOnlyForDeploymentPostprocessing = 0;
		};
		041241AF1DE81BA30028E618 /* Sources */ = {
			isa = PBXSourcesBuildPhase;
			buildActionMask = 2147483647;
			files = (
				041241B81DE81BA30028E618 /* yxl_iosTests.swift in Sources */,
			);
			runOnlyForDeploymentPostprocessing = 0;
		};
		041241BA1DE81BA30028E618 /* Sources */ = {
			isa = PBXSourcesBuildPhase;
			buildActionMask = 2147483647;
			files = (
				041241C31DE81BA30028E618 /* yxl_iosUITests.swift in Sources */,
			);
			runOnlyForDeploymentPostprocessing = 0;
		};
/* End PBXSourcesBuildPhase section */

/* Begin PBXTargetDependency section */
		041241B51DE81BA30028E618 /* PBXTargetDependency */ = {
			isa = PBXTargetDependency;
			target = 0412419B1DE81BA30028E618 /* yxl-ios */;
			targetProxy = 041241B41DE81BA30028E618 /* PBXContainerItemProxy */;
		};
		041241C01DE81BA30028E618 /* PBXTargetDependency */ = {
			isa = PBXTargetDependency;
			target = 0412419B1DE81BA30028E618 /* yxl-ios */;
			targetProxy = 041241BF1DE81BA30028E618 /* PBXContainerItemProxy */;
		};
/* End PBXTargetDependency section */

/* Begin XCBuildConfiguration section */
		041241C51DE81BA30028E618 /* Debug */ = {
			isa = XCBuildConfiguration;
			buildSettings = {
				ALWAYS_SEARCH_USER_PATHS = NO;
				CLANG_ANALYZER_NONNULL = YES;
				CLANG_CXX_LANGUAGE_STANDARD = "gnu++0x";
				CLANG_CXX_LIBRARY = "libc++";
				CLANG_ENABLE_MODULES = YES;
				CLANG_ENABLE_OBJC_ARC = YES;
				CLANG_WARN_BOOL_CONVERSION = YES;
				CLANG_WARN_CONSTANT_CONVERSION = YES;
				CLANG_WARN_DIRECT_OBJC_ISA_USAGE = YES_ERROR;
				CLANG_WARN_EMPTY_BODY = YES;
				CLANG_WARN_ENUM_CONVERSION = YES;
				CLANG_WARN_INFINITE_RECURSION = YES;
				CLANG_WARN_INT_CONVERSION = YES;
				CLANG_WARN_OBJC_ROOT_CLASS = YES_ERROR;
				CLANG_WARN_SUSPICIOUS_MOVE = YES;
				CLANG_WARN_UNREACHABLE_CODE = YES;
				CLANG_WARN__DUPLICATE_METHOD_MATCH = YES;
				"CODE_SIGN_IDENTITY[sdk=iphoneos*]" = "iPhone Developer";
				COPY_PHASE_STRIP = NO;
				DEBUG_INFORMATION_FORMAT = dwarf;
				ENABLE_STRICT_OBJC_MSGSEND = YES;
				ENABLE_TESTABILITY = YES;
				GCC_C_LANGUAGE_STANDARD = gnu99;
				GCC_DYNAMIC_NO_PIC = NO;
				GCC_NO_COMMON_BLOCKS = YES;
				GCC_OPTIMIZATION_LEVEL = 0;
				GCC_PREPROCESSOR_DEFINITIONS = (
					"DEBUG=1",
					"$(inherited)",
				);
				GCC_WARN_64_TO_32_BIT_CONVERSION = YES;
				GCC_WARN_ABOUT_RETURN_TYPE = YES_ERROR;
				GCC_WARN_UNDECLARED_SELECTOR = YES;
				GCC_WARN_UNINITIALIZED_AUTOS = YES_AGGRESSIVE;
				GCC_WARN_UNUSED_FUNCTION = YES;
				GCC_WARN_UNUSED_VARIABLE = YES;
				IPHONEOS_DEPLOYMENT_TARGET = 9.3;
				MTL_ENABLE_DEBUG_INFO = YES;
				ONLY_ACTIVE_ARCH = YES;
				SDKROOT = iphoneos;
				SWIFT_OPTIMIZATION_LEVEL = "-Onone";
			};
			name = Debug;
		};
		041241C61DE81BA30028E618 /* Release */ = {
			isa = XCBuildConfiguration;
			buildSettings = {
				ALWAYS_SEARCH_USER_PATHS = NO;
				CLANG_ANALYZER_NONNULL = YES;
				CLANG_CXX_LANGUAGE_STANDARD = "gnu++0x";
				CLANG_CXX_LIBRARY = "libc++";
				CLANG_ENABLE_MODULES = YES;
				CLANG_ENABLE_OBJC_ARC = YES;
				CLANG_WARN_BOOL_CONVERSION = YES;
				CLANG_WARN_CONSTANT_CONVERSION = YES;
				CLANG_WARN_DIRECT_OBJC_ISA_USAGE = YES_ERROR;
				CLANG_WARN_EMPTY_BODY = YES;
				CLANG_WARN_ENUM_CONVERSION = YES;
				CLANG_WARN_INFINITE_RECURSION = YES;
				CLANG_WARN_INT_CONVERSION = YES;
				CLANG_WARN_OBJC_ROOT_CLASS = YES_ERROR;
				CLANG_WARN_SUSPICIOUS_MOVE = YES;
				CLANG_WARN_UNREACHABLE_CODE = YES;
				CLANG_WARN__DUPLICATE_METHOD_MATCH = YES;
				"CODE_SIGN_IDENTITY[sdk=iphoneos*]" = "iPhone Developer";
				COPY_PHASE_STRIP = NO;
				DEBUG_INFORMATION_FORMAT = "dwarf-with-dsym";
				ENABLE_NS_ASSERTIONS = NO;
				ENABLE_STRICT_OBJC_MSGSEND = YES;
				GCC_C_LANGUAGE_STANDARD = gnu99;
				GCC_NO_COMMON_BLOCKS = YES;
				GCC_WARN_64_TO_32_BIT_CONVERSION = YES;
				GCC_WARN_ABOUT_RETURN_TYPE = YES_ERROR;
				GCC_WARN_UNDECLARED_SELECTOR = YES;
				GCC_WARN_UNINITIALIZED_AUTOS = YES_AGGRESSIVE;
				GCC_WARN_UNUSED_FUNCTION = YES;
				GCC_WARN_UNUSED_VARIABLE = YES;
				IPHONEOS_DEPLOYMENT_TARGET = 9.3;
				MTL_ENABLE_DEBUG_INFO = NO;
				ONLY_ACTIVE_ARCH = YES;
				SDKROOT = iphoneos;
				SWIFT_OPTIMIZATION_LEVEL = "-Owholemodule";
				VALIDATE_PRODUCT = YES;
			};
			name = Release;
		};
		041241C81DE81BA30028E618 /* Debug */ = {
			isa = XCBuildConfiguration;
			baseConfigurationReference = 59BFD627CC917C916AA13AAC /* Pods-yxl-ios.debug.xcconfig */;
			buildSettings = {
				ALWAYS_EMBED_SWIFT_STANDARD_LIBRARIES = YES;
				ASSETCATALOG_COMPILER_APPICON_NAME = AppIcon;
				DEVELOPMENT_TEAM = UEE2H52CTA;
				INFOPLIST_FILE = "yxl-ios/Info.plist";
				LD_RUNPATH_SEARCH_PATHS = "$(inherited) @executable_path/Frameworks";
				PRODUCT_BUNDLE_IDENTIFIER = "com.erongchuang.yxl-ios";
				PRODUCT_NAME = "$(TARGET_NAME)";
				SWIFT_VERSION = 2.3;
			};
			name = Debug;
		};
		041241C91DE81BA30028E618 /* Release */ = {
			isa = XCBuildConfiguration;
			baseConfigurationReference = 63225FD24D572E7B9882A15D /* Pods-yxl-ios.release.xcconfig */;
			buildSettings = {
				ALWAYS_EMBED_SWIFT_STANDARD_LIBRARIES = YES;
				ASSETCATALOG_COMPILER_APPICON_NAME = AppIcon;
				DEVELOPMENT_TEAM = UEE2H52CTA;
				INFOPLIST_FILE = "yxl-ios/Info.plist";
				LD_RUNPATH_SEARCH_PATHS = "$(inherited) @executable_path/Frameworks";
				PRODUCT_BUNDLE_IDENTIFIER = "com.erongchuang.yxl-ios";
				PRODUCT_NAME = "$(TARGET_NAME)";
				SWIFT_VERSION = 2.3;
			};
			name = Release;
		};
		041241CB1DE81BA30028E618 /* Debug */ = {
			isa = XCBuildConfiguration;
			baseConfigurationReference = AA70F8AC591D63580217C364 /* Pods-yxl-iosTests.debug.xcconfig */;
			buildSettings = {
				BUNDLE_LOADER = "$(TEST_HOST)";
				INFOPLIST_FILE = "yxl-iosTests/Info.plist";
				LD_RUNPATH_SEARCH_PATHS = "$(inherited) @executable_path/Frameworks @loader_path/Frameworks";
				PRODUCT_BUNDLE_IDENTIFIER = "com.erongchuang.yxl-iosTests";
				PRODUCT_NAME = "$(TARGET_NAME)";
				SWIFT_VERSION = 2.3;
				TEST_HOST = "$(BUILT_PRODUCTS_DIR)/yxl-ios.app/yxl-ios";
			};
			name = Debug;
		};
		041241CC1DE81BA30028E618 /* Release */ = {
			isa = XCBuildConfiguration;
			baseConfigurationReference = FCF8FE3F3AD418A4883E487A /* Pods-yxl-iosTests.release.xcconfig */;
			buildSettings = {
				BUNDLE_LOADER = "$(TEST_HOST)";
				INFOPLIST_FILE = "yxl-iosTests/Info.plist";
				LD_RUNPATH_SEARCH_PATHS = "$(inherited) @executable_path/Frameworks @loader_path/Frameworks";
				PRODUCT_BUNDLE_IDENTIFIER = "com.erongchuang.yxl-iosTests";
				PRODUCT_NAME = "$(TARGET_NAME)";
				SWIFT_VERSION = 2.3;
				TEST_HOST = "$(BUILT_PRODUCTS_DIR)/yxl-ios.app/yxl-ios";
			};
			name = Release;
		};
		041241CE1DE81BA30028E618 /* Debug */ = {
			isa = XCBuildConfiguration;
			baseConfigurationReference = D43156601C9F16E7185F0151 /* Pods-yxl-iosUITests.debug.xcconfig */;
			buildSettings = {
				INFOPLIST_FILE = "yxl-iosUITests/Info.plist";
				LD_RUNPATH_SEARCH_PATHS = "$(inherited) @executable_path/Frameworks @loader_path/Frameworks";
				PRODUCT_BUNDLE_IDENTIFIER = "com.erongchuang.yxl-iosUITests";
				PRODUCT_NAME = "$(TARGET_NAME)";
				SWIFT_VERSION = 2.3;
				TEST_TARGET_NAME = "yxl-ios";
			};
			name = Debug;
		};
		041241CF1DE81BA30028E618 /* Release */ = {
			isa = XCBuildConfiguration;
			baseConfigurationReference = C04F36A9F9077E68A0FBC8C7 /* Pods-yxl-iosUITests.release.xcconfig */;
			buildSettings = {
				INFOPLIST_FILE = "yxl-iosUITests/Info.plist";
				LD_RUNPATH_SEARCH_PATHS = "$(inherited) @executable_path/Frameworks @loader_path/Frameworks";
				PRODUCT_BUNDLE_IDENTIFIER = "com.erongchuang.yxl-iosUITests";
				PRODUCT_NAME = "$(TARGET_NAME)";
				SWIFT_VERSION = 2.3;
				TEST_TARGET_NAME = "yxl-ios";
			};
			name = Release;
		};
/* End XCBuildConfiguration section */

/* Begin XCConfigurationList section */
		041241971DE81BA30028E618 /* Build configuration list for PBXProject "yxl-ios" */ = {
			isa = XCConfigurationList;
			buildConfigurations = (
				041241C51DE81BA30028E618 /* Debug */,
				041241C61DE81BA30028E618 /* Release */,
			);
			defaultConfigurationIsVisible = 0;
			defaultConfigurationName = Release;
		};
		041241C71DE81BA30028E618 /* Build configuration list for PBXNativeTarget "yxl-ios" */ = {
			isa = XCConfigurationList;
			buildConfigurations = (
				041241C81DE81BA30028E618 /* Debug */,
				041241C91DE81BA30028E618 /* Release */,
			);
			defaultConfigurationIsVisible = 0;
			defaultConfigurationName = Release;
		};
		041241CA1DE81BA30028E618 /* Build configuration list for PBXNativeTarget "yxl-iosTests" */ = {
			isa = XCConfigurationList;
			buildConfigurations = (
				041241CB1DE81BA30028E618 /* Debug */,
				041241CC1DE81BA30028E618 /* Release */,
			);
			defaultConfigurationIsVisible = 0;
			defaultConfigurationName = Release;
		};
		041241CD1DE81BA30028E618 /* Build configuration list for PBXNativeTarget "yxl-iosUITests" */ = {
			isa = XCConfigurationList;
			buildConfigurations = (
				041241CE1DE81BA30028E618 /* Debug */,
				041241CF1DE81BA30028E618 /* Release */,
			);
			defaultConfigurationIsVisible = 0;
			defaultConfigurationName = Release;
		};
/* End XCConfigurationList section */

/* Begin XCVersionGroup section */
		041241A61DE81BA30028E618 /* yxl_ios.xcdatamodeld */ = {
			isa = XCVersionGroup;
			children = (
				041241A71DE81BA30028E618 /* yxl_ios.xcdatamodel */,
			);
			currentVersion = 041241A71DE81BA30028E618 /* yxl_ios.xcdatamodel */;
			path = yxl_ios.xcdatamodeld;
			sourceTree = "<group>";
			versionGroupType = wrapper.xcdatamodel;
		};
/* End XCVersionGroup section */
	};
	rootObject = 041241941DE81BA30028E618 /* Project object */;
}
